// !$*UTF8*$!
{
	archiveVersion = 1;
	classes = {
	};
	objectVersion = 50;
	objects = {

/* Begin PBXBuildFile section */
		742E35EB272CF95300EBDF53 /* CategoryTableViewCell.swift in Sources */ = {isa = PBXBuildFile; fileRef = 742E35E9272CF95300EBDF53 /* CategoryTableViewCell.swift */; };
		742E35EC272CF95300EBDF53 /* CategoryTableViewCell.xib in Resources */ = {isa = PBXBuildFile; fileRef = 742E35EA272CF95300EBDF53 /* CategoryTableViewCell.xib */; };
		742E35F1272CF9ED00EBDF53 /* MovieCollectionViewCell.swift in Sources */ = {isa = PBXBuildFile; fileRef = 742E35EF272CF9ED00EBDF53 /* MovieCollectionViewCell.swift */; };
		742E35F2272CF9ED00EBDF53 /* MovieCollectionViewCell.xib in Resources */ = {isa = PBXBuildFile; fileRef = 742E35F0272CF9ED00EBDF53 /* MovieCollectionViewCell.xib */; };
		742E35F4272CFEBC00EBDF53 /* UIColorExtension.swift in Sources */ = {isa = PBXBuildFile; fileRef = 742E35F3272CFEBC00EBDF53 /* UIColorExtension.swift */; };
		742E35F6272D1F3400EBDF53 /* CircularProgressBarView.swift in Sources */ = {isa = PBXBuildFile; fileRef = 742E35F5272D1F3300EBDF53 /* CircularProgressBarView.swift */; };
		742E35F8272D219100EBDF53 /* UIFontExtension.swift in Sources */ = {isa = PBXBuildFile; fileRef = 742E35F7272D219100EBDF53 /* UIFontExtension.swift */; };
		742FFAE1272A2ADB00D9B3EB /* NetworkError.swift in Sources */ = {isa = PBXBuildFile; fileRef = 742FFAE0272A2ADB00D9B3EB /* NetworkError.swift */; };
		7436FDD1272AF67E00998B97 /* Request.swift in Sources */ = {isa = PBXBuildFile; fileRef = 7436FDD0272AF67E00998B97 /* Request.swift */; };
		7436FDD6272AF6C600998B97 /* Constants.swift in Sources */ = {isa = PBXBuildFile; fileRef = 7436FDD5272AF6C600998B97 /* Constants.swift */; };
		7436FDD9272B093700998B97 /* MoviesList.swift in Sources */ = {isa = PBXBuildFile; fileRef = 7436FDD8272B093700998B97 /* MoviesList.swift */; };
		7436FDDC272B117900998B97 /* StringExtension.swift in Sources */ = {isa = PBXBuildFile; fileRef = 7436FDDB272B117900998B97 /* StringExtension.swift */; };
		7484A54E272CD056000CF837 /* SearchBar.swift in Sources */ = {isa = PBXBuildFile; fileRef = 7484A54D272CD056000CF837 /* SearchBar.swift */; };
		748C1308272A22490022D8B4 /* API.swift in Sources */ = {isa = PBXBuildFile; fileRef = 748C1307272A22490022D8B4 /* API.swift */; };
		748D588F2728B94600D10051 /* MainViewController.swift in Sources */ = {isa = PBXBuildFile; fileRef = 748D588D2728B94600D10051 /* MainViewController.swift */; };
		748D58902728B94600D10051 /* MainViewController.xib in Resources */ = {isa = PBXBuildFile; fileRef = 748D588E2728B94600D10051 /* MainViewController.xib */; };
		74E2DAAE272EEE1900D78AC3 /* Categories.swift in Sources */ = {isa = PBXBuildFile; fileRef = 74E2DAAD272EEE1900D78AC3 /* Categories.swift */; };
		837B4EA8258178B6003DFC67 /* AppDelegate.swift in Sources */ = {isa = PBXBuildFile; fileRef = 837B4EA7258178B6003DFC67 /* AppDelegate.swift */; };
		837B4EAA258178B6003DFC67 /* SceneDelegate.swift in Sources */ = {isa = PBXBuildFile; fileRef = 837B4EA9258178B6003DFC67 /* SceneDelegate.swift */; };
		837B4EB1258178B9003DFC67 /* Assets.xcassets in Resources */ = {isa = PBXBuildFile; fileRef = 837B4EB0258178B9003DFC67 /* Assets.xcassets */; };
		837B4EB4258178B9003DFC67 /* LaunchScreen.storyboard in Resources */ = {isa = PBXBuildFile; fileRef = 837B4EB2258178B9003DFC67 /* LaunchScreen.storyboard */; };
		837B4EBF258178BA003DFC67 /* TheMovieDbTests.swift in Sources */ = {isa = PBXBuildFile; fileRef = 837B4EBE258178BA003DFC67 /* TheMovieDbTests.swift */; };
		837B4ECA258178BA003DFC67 /* TheMovieDbUITests.swift in Sources */ = {isa = PBXBuildFile; fileRef = 837B4EC9258178BA003DFC67 /* TheMovieDbUITests.swift */; };
/* End PBXBuildFile section */

/* Begin PBXContainerItemProxy section */
		837B4EBB258178BA003DFC67 /* PBXContainerItemProxy */ = {
			isa = PBXContainerItemProxy;
			containerPortal = 837B4E9C258178B6003DFC67 /* Project object */;
			proxyType = 1;
			remoteGlobalIDString = 837B4EA3258178B6003DFC67;
			remoteInfo = TheMovieDb;
		};
		837B4EC6258178BA003DFC67 /* PBXContainerItemProxy */ = {
			isa = PBXContainerItemProxy;
			containerPortal = 837B4E9C258178B6003DFC67 /* Project object */;
			proxyType = 1;
			remoteGlobalIDString = 837B4EA3258178B6003DFC67;
			remoteInfo = TheMovieDb;
		};
/* End PBXContainerItemProxy section */

/* Begin PBXFileReference section */
		742E35E9272CF95300EBDF53 /* CategoryTableViewCell.swift */ = {isa = PBXFileReference; lastKnownFileType = sourcecode.swift; path = CategoryTableViewCell.swift; sourceTree = "<group>"; };
		742E35EA272CF95300EBDF53 /* CategoryTableViewCell.xib */ = {isa = PBXFileReference; lastKnownFileType = file.xib; path = CategoryTableViewCell.xib; sourceTree = "<group>"; };
		742E35EF272CF9ED00EBDF53 /* MovieCollectionViewCell.swift */ = {isa = PBXFileReference; lastKnownFileType = sourcecode.swift; path = MovieCollectionViewCell.swift; sourceTree = "<group>"; };
		742E35F0272CF9ED00EBDF53 /* MovieCollectionViewCell.xib */ = {isa = PBXFileReference; lastKnownFileType = file.xib; path = MovieCollectionViewCell.xib; sourceTree = "<group>"; };
		742E35F3272CFEBC00EBDF53 /* UIColorExtension.swift */ = {isa = PBXFileReference; lastKnownFileType = sourcecode.swift; path = UIColorExtension.swift; sourceTree = "<group>"; };
		742E35F5272D1F3300EBDF53 /* CircularProgressBarView.swift */ = {isa = PBXFileReference; lastKnownFileType = sourcecode.swift; path = CircularProgressBarView.swift; sourceTree = "<group>"; };
		742E35F7272D219100EBDF53 /* UIFontExtension.swift */ = {isa = PBXFileReference; lastKnownFileType = sourcecode.swift; path = UIFontExtension.swift; sourceTree = "<group>"; };
		742E35FC272D231100EBDF53 /* SF-Pro-Italic.ttf */ = {isa = PBXFileReference; lastKnownFileType = file; path = "SF-Pro-Italic.ttf"; sourceTree = "<group>"; };
		742E35FD272D232000EBDF53 /* SF-Pro.ttf */ = {isa = PBXFileReference; lastKnownFileType = file; path = "SF-Pro.ttf"; sourceTree = "<group>"; };
		742FFAE0272A2ADB00D9B3EB /* NetworkError.swift */ = {isa = PBXFileReference; lastKnownFileType = sourcecode.swift; path = NetworkError.swift; sourceTree = "<group>"; };
		7436FDD0272AF67E00998B97 /* Request.swift */ = {isa = PBXFileReference; lastKnownFileType = sourcecode.swift; path = Request.swift; sourceTree = "<group>"; };
		7436FDD5272AF6C600998B97 /* Constants.swift */ = {isa = PBXFileReference; lastKnownFileType = sourcecode.swift; path = Constants.swift; sourceTree = "<group>"; };
		7436FDD8272B093700998B97 /* MoviesList.swift */ = {isa = PBXFileReference; lastKnownFileType = sourcecode.swift; path = MoviesList.swift; sourceTree = "<group>"; };
		7436FDDB272B117900998B97 /* StringExtension.swift */ = {isa = PBXFileReference; lastKnownFileType = sourcecode.swift; path = StringExtension.swift; sourceTree = "<group>"; };
		7484A54D272CD056000CF837 /* SearchBar.swift */ = {isa = PBXFileReference; lastKnownFileType = sourcecode.swift; path = SearchBar.swift; sourceTree = "<group>"; };
		748C1307272A22490022D8B4 /* API.swift */ = {isa = PBXFileReference; lastKnownFileType = sourcecode.swift; path = API.swift; sourceTree = "<group>"; };
		748D588D2728B94600D10051 /* MainViewController.swift */ = {isa = PBXFileReference; lastKnownFileType = sourcecode.swift; path = MainViewController.swift; sourceTree = "<group>"; };
		748D588E2728B94600D10051 /* MainViewController.xib */ = {isa = PBXFileReference; lastKnownFileType = file.xib; path = MainViewController.xib; sourceTree = "<group>"; };
		74E2DAAD272EEE1900D78AC3 /* Categories.swift */ = {isa = PBXFileReference; lastKnownFileType = sourcecode.swift; path = Categories.swift; sourceTree = "<group>"; };
		74E2DAAF272F291E00D78AC3 /* BebasNeue-Regular.ttf */ = {isa = PBXFileReference; lastKnownFileType = file; path = "BebasNeue-Regular.ttf"; sourceTree = "<group>"; };
		74E2DAB0272F292800D78AC3 /* BebasNeue-Bold.ttf */ = {isa = PBXFileReference; lastKnownFileType = file; path = "BebasNeue-Bold.ttf"; sourceTree = "<group>"; };
		837B4EA4258178B6003DFC67 /* TheMovieDb.app */ = {isa = PBXFileReference; explicitFileType = wrapper.application; includeInIndex = 0; path = TheMovieDb.app; sourceTree = BUILT_PRODUCTS_DIR; };
		837B4EA7258178B6003DFC67 /* AppDelegate.swift */ = {isa = PBXFileReference; lastKnownFileType = sourcecode.swift; path = AppDelegate.swift; sourceTree = "<group>"; };
		837B4EA9258178B6003DFC67 /* SceneDelegate.swift */ = {isa = PBXFileReference; lastKnownFileType = sourcecode.swift; path = SceneDelegate.swift; sourceTree = "<group>"; };
		837B4EB0258178B9003DFC67 /* Assets.xcassets */ = {isa = PBXFileReference; lastKnownFileType = folder.assetcatalog; path = Assets.xcassets; sourceTree = "<group>"; };
		837B4EB3258178B9003DFC67 /* Base */ = {isa = PBXFileReference; lastKnownFileType = file.storyboard; name = Base; path = Base.lproj/LaunchScreen.storyboard; sourceTree = "<group>"; };
		837B4EB5258178B9003DFC67 /* Info.plist */ = {isa = PBXFileReference; lastKnownFileType = text.plist.xml; path = Info.plist; sourceTree = "<group>"; };
		837B4EBA258178BA003DFC67 /* TheMovieDbTests.xctest */ = {isa = PBXFileReference; explicitFileType = wrapper.cfbundle; includeInIndex = 0; path = TheMovieDbTests.xctest; sourceTree = BUILT_PRODUCTS_DIR; };
		837B4EBE258178BA003DFC67 /* TheMovieDbTests.swift */ = {isa = PBXFileReference; lastKnownFileType = sourcecode.swift; path = TheMovieDbTests.swift; sourceTree = "<group>"; };
		837B4EC0258178BA003DFC67 /* Info.plist */ = {isa = PBXFileReference; lastKnownFileType = text.plist.xml; path = Info.plist; sourceTree = "<group>"; };
		837B4EC5258178BA003DFC67 /* TheMovieDbUITests.xctest */ = {isa = PBXFileReference; explicitFileType = wrapper.cfbundle; includeInIndex = 0; path = TheMovieDbUITests.xctest; sourceTree = BUILT_PRODUCTS_DIR; };
		837B4EC9258178BA003DFC67 /* TheMovieDbUITests.swift */ = {isa = PBXFileReference; lastKnownFileType = sourcecode.swift; path = TheMovieDbUITests.swift; sourceTree = "<group>"; };
		837B4ECB258178BA003DFC67 /* Info.plist */ = {isa = PBXFileReference; lastKnownFileType = text.plist.xml; path = Info.plist; sourceTree = "<group>"; };
/* End PBXFileReference section */

/* Begin PBXFrameworksBuildPhase section */
		837B4EA1258178B6003DFC67 /* Frameworks */ = {
			isa = PBXFrameworksBuildPhase;
			buildActionMask = 2147483647;
			files = (
			);
			runOnlyForDeploymentPostprocessing = 0;
		};
		837B4EB7258178BA003DFC67 /* Frameworks */ = {
			isa = PBXFrameworksBuildPhase;
			buildActionMask = 2147483647;
			files = (
			);
			runOnlyForDeploymentPostprocessing = 0;
		};
		837B4EC2258178BA003DFC67 /* Frameworks */ = {
			isa = PBXFrameworksBuildPhase;
			buildActionMask = 2147483647;
			files = (
			);
			runOnlyForDeploymentPostprocessing = 0;
		};
/* End PBXFrameworksBuildPhase section */

/* Begin PBXGroup section */
		742E35E8272CF90100EBDF53 /* Movies Section */ = {
			isa = PBXGroup;
			children = (
				74E2DAAD272EEE1900D78AC3 /* Categories.swift */,
				742E35E9272CF95300EBDF53 /* CategoryTableViewCell.swift */,
				742E35EA272CF95300EBDF53 /* CategoryTableViewCell.xib */,
				742E35EF272CF9ED00EBDF53 /* MovieCollectionViewCell.swift */,
				742E35F0272CF9ED00EBDF53 /* MovieCollectionViewCell.xib */,
			);
			path = "Movies Section";
			sourceTree = "<group>";
		};
		742E35FB272D22D600EBDF53 /* Fonts */ = {
			isa = PBXGroup;
			children = (
				74E2DAAF272F291E00D78AC3 /* BebasNeue-Regular.ttf */,
				74E2DAB0272F292800D78AC3 /* BebasNeue-Bold.ttf */,
				742E35FD272D232000EBDF53 /* SF-Pro.ttf */,
				742E35FC272D231100EBDF53 /* SF-Pro-Italic.ttf */,
			);
			path = Fonts;
			sourceTree = "<group>";
		};
		7436FDDA272B116600998B97 /* Extensions */ = {
			isa = PBXGroup;
			children = (
				7436FDDB272B117900998B97 /* StringExtension.swift */,
				742E35F3272CFEBC00EBDF53 /* UIColorExtension.swift */,
				742E35F7272D219100EBDF53 /* UIFontExtension.swift */,
			);
			path = Extensions;
			sourceTree = "<group>";
		};
		7484A54C272CD02B000CF837 /* Components */ = {
			isa = PBXGroup;
			children = (
				74E2DAB1272F2E0900D78AC3 /* MainView */,
				742E35E8272CF90100EBDF53 /* Movies Section */,
				7484A54D272CD056000CF837 /* SearchBar.swift */,
				742E35F5272D1F3300EBDF53 /* CircularProgressBarView.swift */,
			);
			path = Components;
			sourceTree = "<group>";
		};
		748C1306272A222C0022D8B4 /* Networking */ = {
			isa = PBXGroup;
			children = (
				748C1307272A22490022D8B4 /* API.swift */,
				742FFAE0272A2ADB00D9B3EB /* NetworkError.swift */,
				7436FDD0272AF67E00998B97 /* Request.swift */,
			);
			path = Networking;
			sourceTree = "<group>";
		};
		74D896B72728D49A002EFC1B /* Models */ = {
			isa = PBXGroup;
			children = (
				7436FDD8272B093700998B97 /* MoviesList.swift */,
			);
			path = Models;
			sourceTree = "<group>";
		};
		74E2DAB1272F2E0900D78AC3 /* MainView */ = {
			isa = PBXGroup;
			children = (
				748D588D2728B94600D10051 /* MainViewController.swift */,
				748D588E2728B94600D10051 /* MainViewController.xib */,
			);
			path = MainView;
			sourceTree = "<group>";
		};
		837B4E9B258178B6003DFC67 = {
			isa = PBXGroup;
			children = (
				837B4EA6258178B6003DFC67 /* TheMovieDb */,
				837B4EBD258178BA003DFC67 /* TheMovieDbTests */,
				837B4EC8258178BA003DFC67 /* TheMovieDbUITests */,
				837B4EA5258178B6003DFC67 /* Products */,
			);
			sourceTree = "<group>";
		};
		837B4EA5258178B6003DFC67 /* Products */ = {
			isa = PBXGroup;
			children = (
				837B4EA4258178B6003DFC67 /* TheMovieDb.app */,
				837B4EBA258178BA003DFC67 /* TheMovieDbTests.xctest */,
				837B4EC5258178BA003DFC67 /* TheMovieDbUITests.xctest */,
			);
			name = Products;
			sourceTree = "<group>";
		};
		837B4EA6258178B6003DFC67 /* TheMovieDb */ = {
			isa = PBXGroup;
			children = (
				742E35FB272D22D600EBDF53 /* Fonts */,
				7484A54C272CD02B000CF837 /* Components */,
				7436FDDA272B116600998B97 /* Extensions */,
				748C1306272A222C0022D8B4 /* Networking */,
				74D896B72728D49A002EFC1B /* Models */,
				837B4EA7258178B6003DFC67 /* AppDelegate.swift */,
				837B4EA9258178B6003DFC67 /* SceneDelegate.swift */,
				837B4EB0258178B9003DFC67 /* Assets.xcassets */,
				837B4EB2258178B9003DFC67 /* LaunchScreen.storyboard */,
				837B4EB5258178B9003DFC67 /* Info.plist */,
				7436FDD5272AF6C600998B97 /* Constants.swift */,
			);
			path = TheMovieDb;
			sourceTree = "<group>";
		};
		837B4EBD258178BA003DFC67 /* TheMovieDbTests */ = {
			isa = PBXGroup;
			children = (
				837B4EBE258178BA003DFC67 /* TheMovieDbTests.swift */,
				837B4EC0258178BA003DFC67 /* Info.plist */,
			);
			path = TheMovieDbTests;
			sourceTree = "<group>";
		};
		837B4EC8258178BA003DFC67 /* TheMovieDbUITests */ = {
			isa = PBXGroup;
			children = (
				837B4EC9258178BA003DFC67 /* TheMovieDbUITests.swift */,
				837B4ECB258178BA003DFC67 /* Info.plist */,
			);
			path = TheMovieDbUITests;
			sourceTree = "<group>";
		};
/* End PBXGroup section */

/* Begin PBXNativeTarget section */
		837B4EA3258178B6003DFC67 /* TheMovieDb */ = {
			isa = PBXNativeTarget;
			buildConfigurationList = 837B4ECE258178BA003DFC67 /* Build configuration list for PBXNativeTarget "TheMovieDb" */;
			buildPhases = (
				837B4EA0258178B6003DFC67 /* Sources */,
				837B4EA1258178B6003DFC67 /* Frameworks */,
				837B4EA2258178B6003DFC67 /* Resources */,
				74827B682728C01F00C74E1A /* ShellScript */,
			);
			buildRules = (
			);
			dependencies = (
			);
			name = TheMovieDb;
			productName = TheMovieDb;
			productReference = 837B4EA4258178B6003DFC67 /* TheMovieDb.app */;
			productType = "com.apple.product-type.application";
		};
		837B4EB9258178BA003DFC67 /* TheMovieDbTests */ = {
			isa = PBXNativeTarget;
			buildConfigurationList = 837B4ED1258178BA003DFC67 /* Build configuration list for PBXNativeTarget "TheMovieDbTests" */;
			buildPhases = (
				837B4EB6258178BA003DFC67 /* Sources */,
				837B4EB7258178BA003DFC67 /* Frameworks */,
				837B4EB8258178BA003DFC67 /* Resources */,
			);
			buildRules = (
			);
			dependencies = (
				837B4EBC258178BA003DFC67 /* PBXTargetDependency */,
			);
			name = TheMovieDbTests;
			productName = TheMovieDbTests;
			productReference = 837B4EBA258178BA003DFC67 /* TheMovieDbTests.xctest */;
			productType = "com.apple.product-type.bundle.unit-test";
		};
		837B4EC4258178BA003DFC67 /* TheMovieDbUITests */ = {
			isa = PBXNativeTarget;
			buildConfigurationList = 837B4ED4258178BA003DFC67 /* Build configuration list for PBXNativeTarget "TheMovieDbUITests" */;
			buildPhases = (
				837B4EC1258178BA003DFC67 /* Sources */,
				837B4EC2258178BA003DFC67 /* Frameworks */,
				837B4EC3258178BA003DFC67 /* Resources */,
			);
			buildRules = (
			);
			dependencies = (
				837B4EC7258178BA003DFC67 /* PBXTargetDependency */,
			);
			name = TheMovieDbUITests;
			productName = TheMovieDbUITests;
			productReference = 837B4EC5258178BA003DFC67 /* TheMovieDbUITests.xctest */;
			productType = "com.apple.product-type.bundle.ui-testing";
		};
/* End PBXNativeTarget section */

/* Begin PBXProject section */
		837B4E9C258178B6003DFC67 /* Project object */ = {
			isa = PBXProject;
			attributes = {
				LastSwiftUpdateCheck = 1210;
				LastUpgradeCheck = 1210;
				TargetAttributes = {
					837B4EA3258178B6003DFC67 = {
						CreatedOnToolsVersion = 12.1;
					};
					837B4EB9258178BA003DFC67 = {
						CreatedOnToolsVersion = 12.1;
						TestTargetID = 837B4EA3258178B6003DFC67;
					};
					837B4EC4258178BA003DFC67 = {
						CreatedOnToolsVersion = 12.1;
						TestTargetID = 837B4EA3258178B6003DFC67;
					};
				};
			};
			buildConfigurationList = 837B4E9F258178B6003DFC67 /* Build configuration list for PBXProject "TheMovieDb" */;
			compatibilityVersion = "Xcode 9.3";
			developmentRegion = en;
			hasScannedForEncodings = 0;
			knownRegions = (
				en,
				Base,
			);
			mainGroup = 837B4E9B258178B6003DFC67;
			productRefGroup = 837B4EA5258178B6003DFC67 /* Products */;
			projectDirPath = "";
			projectRoot = "";
			targets = (
				837B4EA3258178B6003DFC67 /* TheMovieDb */,
				837B4EB9258178BA003DFC67 /* TheMovieDbTests */,
				837B4EC4258178BA003DFC67 /* TheMovieDbUITests */,
			);
		};
/* End PBXProject section */

/* Begin PBXResourcesBuildPhase section */
		837B4EA2258178B6003DFC67 /* Resources */ = {
			isa = PBXResourcesBuildPhase;
			buildActionMask = 2147483647;
			files = (
				742E35F2272CF9ED00EBDF53 /* MovieCollectionViewCell.xib in Resources */,
				837B4EB4258178B9003DFC67 /* LaunchScreen.storyboard in Resources */,
				748D58902728B94600D10051 /* MainViewController.xib in Resources */,
				837B4EB1258178B9003DFC67 /* Assets.xcassets in Resources */,
				742E35EC272CF95300EBDF53 /* CategoryTableViewCell.xib in Resources */,
			);
			runOnlyForDeploymentPostprocessing = 0;
		};
		837B4EB8258178BA003DFC67 /* Resources */ = {
			isa = PBXResourcesBuildPhase;
			buildActionMask = 2147483647;
			files = (
			);
			runOnlyForDeploymentPostprocessing = 0;
		};
		837B4EC3258178BA003DFC67 /* Resources */ = {
			isa = PBXResourcesBuildPhase;
			buildActionMask = 2147483647;
			files = (
			);
			runOnlyForDeploymentPostprocessing = 0;
		};
/* End PBXResourcesBuildPhase section */

/* Begin PBXShellScriptBuildPhase section */
		74827B682728C01F00C74E1A /* ShellScript */ = {
			isa = PBXShellScriptBuildPhase;
			buildActionMask = 2147483647;
			files = (
			);
			inputFileListPaths = (
			);
			inputPaths = (
			);
			outputFileListPaths = (
			);
			outputPaths = (
			);
			runOnlyForDeploymentPostprocessing = 0;
			shellPath = /bin/sh;
			shellScript = "if test -d \"/opt/homebrew/bin/\"; then\n  PATH=\"/opt/homebrew/bin/:${PATH}\"\nfi\n\nexport PATH\n\nif which swiftlint >/dev/null; then\n  swiftlint\nelse\n  echo \"warning: SwiftLint not installed, download from https://github.com/realm/SwiftLint\"\nfi\n";
		};
/* End PBXShellScriptBuildPhase section */

/* Begin PBXSourcesBuildPhase section */
		837B4EA0258178B6003DFC67 /* Sources */ = {
			isa = PBXSourcesBuildPhase;
			buildActionMask = 2147483647;
			files = (
				742E35F6272D1F3400EBDF53 /* CircularProgressBarView.swift in Sources */,
				74E2DAAE272EEE1900D78AC3 /* Categories.swift in Sources */,
				742E35F8272D219100EBDF53 /* UIFontExtension.swift in Sources */,
				748D588F2728B94600D10051 /* MainViewController.swift in Sources */,
				7436FDDC272B117900998B97 /* StringExtension.swift in Sources */,
				837B4EA8258178B6003DFC67 /* AppDelegate.swift in Sources */,
				742E35F1272CF9ED00EBDF53 /* MovieCollectionViewCell.swift in Sources */,
				837B4EAA258178B6003DFC67 /* SceneDelegate.swift in Sources */,
				742E35F4272CFEBC00EBDF53 /* UIColorExtension.swift in Sources */,
				7436FDD1272AF67E00998B97 /* Request.swift in Sources */,
				748C1308272A22490022D8B4 /* API.swift in Sources */,
				742E35EB272CF95300EBDF53 /* CategoryTableViewCell.swift in Sources */,
				742FFAE1272A2ADB00D9B3EB /* NetworkError.swift in Sources */,
				7484A54E272CD056000CF837 /* SearchBar.swift in Sources */,
				7436FDD6272AF6C600998B97 /* Constants.swift in Sources */,
				7436FDD9272B093700998B97 /* MoviesList.swift in Sources */,
			);
			runOnlyForDeploymentPostprocessing = 0;
		};
		837B4EB6258178BA003DFC67 /* Sources */ = {
			isa = PBXSourcesBuildPhase;
			buildActionMask = 2147483647;
			files = (
				837B4EBF258178BA003DFC67 /* TheMovieDbTests.swift in Sources */,
			);
			runOnlyForDeploymentPostprocessing = 0;
		};
		837B4EC1258178BA003DFC67 /* Sources */ = {
			isa = PBXSourcesBuildPhase;
			buildActionMask = 2147483647;
			files = (
				837B4ECA258178BA003DFC67 /* TheMovieDbUITests.swift in Sources */,
			);
			runOnlyForDeploymentPostprocessing = 0;
		};
/* End PBXSourcesBuildPhase section */

/* Begin PBXTargetDependency section */
		837B4EBC258178BA003DFC67 /* PBXTargetDependency */ = {
			isa = PBXTargetDependency;
			target = 837B4EA3258178B6003DFC67 /* TheMovieDb */;
			targetProxy = 837B4EBB258178BA003DFC67 /* PBXContainerItemProxy */;
		};
		837B4EC7258178BA003DFC67 /* PBXTargetDependency */ = {
			isa = PBXTargetDependency;
			target = 837B4EA3258178B6003DFC67 /* TheMovieDb */;
			targetProxy = 837B4EC6258178BA003DFC67 /* PBXContainerItemProxy */;
		};
/* End PBXTargetDependency section */

/* Begin PBXVariantGroup section */
		837B4EB2258178B9003DFC67 /* LaunchScreen.storyboard */ = {
			isa = PBXVariantGroup;
			children = (
				837B4EB3258178B9003DFC67 /* Base */,
			);
			name = LaunchScreen.storyboard;
			sourceTree = "<group>";
		};
/* End PBXVariantGroup section */

/* Begin XCBuildConfiguration section */
		837B4ECC258178BA003DFC67 /* Debug */ = {
			isa = XCBuildConfiguration;
			buildSettings = {
				ALWAYS_SEARCH_USER_PATHS = NO;
				CLANG_ANALYZER_NONNULL = YES;
				CLANG_ANALYZER_NUMBER_OBJECT_CONVERSION = YES_AGGRESSIVE;
				CLANG_CXX_LANGUAGE_STANDARD = "gnu++14";
				CLANG_CXX_LIBRARY = "libc++";
				CLANG_ENABLE_MODULES = YES;
				CLANG_ENABLE_OBJC_ARC = YES;
				CLANG_ENABLE_OBJC_WEAK = YES;
				CLANG_WARN_BLOCK_CAPTURE_AUTORELEASING = YES;
				CLANG_WARN_BOOL_CONVERSION = YES;
				CLANG_WARN_COMMA = YES;
				CLANG_WARN_CONSTANT_CONVERSION = YES;
				CLANG_WARN_DEPRECATED_OBJC_IMPLEMENTATIONS = YES;
				CLANG_WARN_DIRECT_OBJC_ISA_USAGE = YES_ERROR;
				CLANG_WARN_DOCUMENTATION_COMMENTS = YES;
				CLANG_WARN_EMPTY_BODY = YES;
				CLANG_WARN_ENUM_CONVERSION = YES;
				CLANG_WARN_INFINITE_RECURSION = YES;
				CLANG_WARN_INT_CONVERSION = YES;
				CLANG_WARN_NON_LITERAL_NULL_CONVERSION = YES;
				CLANG_WARN_OBJC_IMPLICIT_RETAIN_SELF = YES;
				CLANG_WARN_OBJC_LITERAL_CONVERSION = YES;
				CLANG_WARN_OBJC_ROOT_CLASS = YES_ERROR;
				CLANG_WARN_QUOTED_INCLUDE_IN_FRAMEWORK_HEADER = YES;
				CLANG_WARN_RANGE_LOOP_ANALYSIS = YES;
				CLANG_WARN_STRICT_PROTOTYPES = YES;
				CLANG_WARN_SUSPICIOUS_MOVE = YES;
				CLANG_WARN_UNGUARDED_AVAILABILITY = YES_AGGRESSIVE;
				CLANG_WARN_UNREACHABLE_CODE = YES;
				CLANG_WARN__DUPLICATE_METHOD_MATCH = YES;
				COPY_PHASE_STRIP = NO;
				DEBUG_INFORMATION_FORMAT = dwarf;
				ENABLE_STRICT_OBJC_MSGSEND = YES;
				ENABLE_TESTABILITY = YES;
				GCC_C_LANGUAGE_STANDARD = gnu11;
				GCC_DYNAMIC_NO_PIC = NO;
				GCC_NO_COMMON_BLOCKS = YES;
				GCC_OPTIMIZATION_LEVEL = 0;
				GCC_PREPROCESSOR_DEFINITIONS = (
					"DEBUG=1",
					"$(inherited)",
				);
				GCC_WARN_64_TO_32_BIT_CONVERSION = YES;
				GCC_WARN_ABOUT_RETURN_TYPE = YES_ERROR;
				GCC_WARN_UNDECLARED_SELECTOR = YES;
				GCC_WARN_UNINITIALIZED_AUTOS = YES_AGGRESSIVE;
				GCC_WARN_UNUSED_FUNCTION = YES;
				GCC_WARN_UNUSED_VARIABLE = YES;
				IPHONEOS_DEPLOYMENT_TARGET = 14.1;
				MTL_ENABLE_DEBUG_INFO = INCLUDE_SOURCE;
				MTL_FAST_MATH = YES;
				ONLY_ACTIVE_ARCH = YES;
				SDKROOT = iphoneos;
				SWIFT_ACTIVE_COMPILATION_CONDITIONS = DEBUG;
				SWIFT_OPTIMIZATION_LEVEL = "-Onone";
			};
			name = Debug;
		};
		837B4ECD258178BA003DFC67 /* Release */ = {
			isa = XCBuildConfiguration;
			buildSettings = {
				ALWAYS_SEARCH_USER_PATHS = NO;
				CLANG_ANALYZER_NONNULL = YES;
				CLANG_ANALYZER_NUMBER_OBJECT_CONVERSION = YES_AGGRESSIVE;
				CLANG_CXX_LANGUAGE_STANDARD = "gnu++14";
				CLANG_CXX_LIBRARY = "libc++";
				CLANG_ENABLE_MODULES = YES;
				CLANG_ENABLE_OBJC_ARC = YES;
				CLANG_ENABLE_OBJC_WEAK = YES;
				CLANG_WARN_BLOCK_CAPTURE_AUTORELEASING = YES;
				CLANG_WARN_BOOL_CONVERSION = YES;
				CLANG_WARN_COMMA = YES;
				CLANG_WARN_CONSTANT_CONVERSION = YES;
				CLANG_WARN_DEPRECATED_OBJC_IMPLEMENTATIONS = YES;
				CLANG_WARN_DIRECT_OBJC_ISA_USAGE = YES_ERROR;
				CLANG_WARN_DOCUMENTATION_COMMENTS = YES;
				CLANG_WARN_EMPTY_BODY = YES;
				CLANG_WARN_ENUM_CONVERSION = YES;
				CLANG_WARN_INFINITE_RECURSION = YES;
				CLANG_WARN_INT_CONVERSION = YES;
				CLANG_WARN_NON_LITERAL_NULL_CONVERSION = YES;
				CLANG_WARN_OBJC_IMPLICIT_RETAIN_SELF = YES;
				CLANG_WARN_OBJC_LITERAL_CONVERSION = YES;
				CLANG_WARN_OBJC_ROOT_CLASS = YES_ERROR;
				CLANG_WARN_QUOTED_INCLUDE_IN_FRAMEWORK_HEADER = YES;
				CLANG_WARN_RANGE_LOOP_ANALYSIS = YES;
				CLANG_WARN_STRICT_PROTOTYPES = YES;
				CLANG_WARN_SUSPICIOUS_MOVE = YES;
				CLANG_WARN_UNGUARDED_AVAILABILITY = YES_AGGRESSIVE;
				CLANG_WARN_UNREACHABLE_CODE = YES;
				CLANG_WARN__DUPLICATE_METHOD_MATCH = YES;
				COPY_PHASE_STRIP = NO;
				DEBUG_INFORMATION_FORMAT = "dwarf-with-dsym";
				ENABLE_NS_ASSERTIONS = NO;
				ENABLE_STRICT_OBJC_MSGSEND = YES;
				GCC_C_LANGUAGE_STANDARD = gnu11;
				GCC_NO_COMMON_BLOCKS = YES;
				GCC_WARN_64_TO_32_BIT_CONVERSION = YES;
				GCC_WARN_ABOUT_RETURN_TYPE = YES_ERROR;
				GCC_WARN_UNDECLARED_SELECTOR = YES;
				GCC_WARN_UNINITIALIZED_AUTOS = YES_AGGRESSIVE;
				GCC_WARN_UNUSED_FUNCTION = YES;
				GCC_WARN_UNUSED_VARIABLE = YES;
				IPHONEOS_DEPLOYMENT_TARGET = 14.1;
				MTL_ENABLE_DEBUG_INFO = NO;
				MTL_FAST_MATH = YES;
				SDKROOT = iphoneos;
				SWIFT_COMPILATION_MODE = wholemodule;
				SWIFT_OPTIMIZATION_LEVEL = "-O";
				VALIDATE_PRODUCT = YES;
			};
			name = Release;
		};
		837B4ECF258178BA003DFC67 /* Debug */ = {
			isa = XCBuildConfiguration;
			buildSettings = {
				ASSETCATALOG_COMPILER_APPICON_NAME = AppIcon;
				ASSETCATALOG_COMPILER_GLOBAL_ACCENT_COLOR_NAME = AccentColor;
				CODE_SIGN_STYLE = Automatic;
				DEVELOPMENT_TEAM = 23MLSK3SZD;
				INFOPLIST_FILE = TheMovieDb/Info.plist;
				LD_RUNPATH_SEARCH_PATHS = (
					"$(inherited)",
					"@executable_path/Frameworks",
				);
				PRODUCT_BUNDLE_IDENTIFIER = com.juandatorr.TheMovieDb;
				PRODUCT_NAME = "$(TARGET_NAME)";
				SWIFT_VERSION = 5.0;
				TARGETED_DEVICE_FAMILY = "1,2";
			};
			name = Debug;
		};
		837B4ED0258178BA003DFC67 /* Release */ = {
			isa = XCBuildConfiguration;
			buildSettings = {
				ASSETCATALOG_COMPILER_APPICON_NAME = AppIcon;
				ASSETCATALOG_COMPILER_GLOBAL_ACCENT_COLOR_NAME = AccentColor;
				CODE_SIGN_STYLE = Automatic;
				DEVELOPMENT_TEAM = 23MLSK3SZD;
				INFOPLIST_FILE = TheMovieDb/Info.plist;
				LD_RUNPATH_SEARCH_PATHS = (
					"$(inherited)",
					"@executable_path/Frameworks",
				);
				PRODUCT_BUNDLE_IDENTIFIER = com.juandatorr.TheMovieDb;
				PRODUCT_NAME = "$(TARGET_NAME)";
				SWIFT_VERSION = 5.0;
				TARGETED_DEVICE_FAMILY = "1,2";
			};
			name = Release;
		};
		837B4ED2258178BA003DFC67 /* Debug */ = {
			isa = XCBuildConfiguration;
			buildSettings = {
				ALWAYS_EMBED_SWIFT_STANDARD_LIBRARIES = YES;
				BUNDLE_LOADER = "$(TEST_HOST)";
				CODE_SIGN_STYLE = Automatic;
				INFOPLIST_FILE = TheMovieDbTests/Info.plist;
				IPHONEOS_DEPLOYMENT_TARGET = 14.1;
				LD_RUNPATH_SEARCH_PATHS = (
					"$(inherited)",
					"@executable_path/Frameworks",
					"@loader_path/Frameworks",
				);
				PRODUCT_BUNDLE_IDENTIFIER = com.apprenticeship.wizeline.TheMovieDbTests;
				PRODUCT_NAME = "$(TARGET_NAME)";
				SWIFT_VERSION = 5.0;
				TARGETED_DEVICE_FAMILY = "1,2";
				TEST_HOST = "$(BUILT_PRODUCTS_DIR)/TheMovieDb.app/TheMovieDb";
			};
			name = Debug;
		};
		837B4ED3258178BA003DFC67 /* Release */ = {
			isa = XCBuildConfiguration;
			buildSettings = {
				ALWAYS_EMBED_SWIFT_STANDARD_LIBRARIES = YES;
				BUNDLE_LOADER = "$(TEST_HOST)";
				CODE_SIGN_STYLE = Automatic;
				INFOPLIST_FILE = TheMovieDbTests/Info.plist;
				IPHONEOS_DEPLOYMENT_TARGET = 14.1;
				LD_RUNPATH_SEARCH_PATHS = (
					"$(inherited)",
					"@executable_path/Frameworks",
					"@loader_path/Frameworks",
				);
				PRODUCT_BUNDLE_IDENTIFIER = com.apprenticeship.wizeline.TheMovieDbTests;
				PRODUCT_NAME = "$(TARGET_NAME)";
				SWIFT_VERSION = 5.0;
				TARGETED_DEVICE_FAMILY = "1,2";
				TEST_HOST = "$(BUILT_PRODUCTS_DIR)/TheMovieDb.app/TheMovieDb";
			};
			name = Release;
		};
		837B4ED5258178BA003DFC67 /* Debug */ = {
			isa = XCBuildConfiguration;
			buildSettings = {
				ALWAYS_EMBED_SWIFT_STANDARD_LIBRARIES = YES;
				CODE_SIGN_STYLE = Automatic;
				INFOPLIST_FILE = TheMovieDbUITests/Info.plist;
				LD_RUNPATH_SEARCH_PATHS = (
					"$(inherited)",
					"@executable_path/Frameworks",
					"@loader_path/Frameworks",
				);
				PRODUCT_BUNDLE_IDENTIFIER = com.apprenticeship.wizeline.TheMovieDbUITests;
				PRODUCT_NAME = "$(TARGET_NAME)";
				SWIFT_VERSION = 5.0;
				TARGETED_DEVICE_FAMILY = "1,2";
				TEST_TARGET_NAME = TheMovieDb;
			};
			name = Debug;
		};
		837B4ED6258178BA003DFC67 /* Release */ = {
			isa = XCBuildConfiguration;
			buildSettings = {
				ALWAYS_EMBED_SWIFT_STANDARD_LIBRARIES = YES;
				CODE_SIGN_STYLE = Automatic;
				INFOPLIST_FILE = TheMovieDbUITests/Info.plist;
				LD_RUNPATH_SEARCH_PATHS = (
					"$(inherited)",
					"@executable_path/Frameworks",
					"@loader_path/Frameworks",
				);
				PRODUCT_BUNDLE_IDENTIFIER = com.apprenticeship.wizeline.TheMovieDbUITests;
				PRODUCT_NAME = "$(TARGET_NAME)";
				SWIFT_VERSION = 5.0;
				TARGETED_DEVICE_FAMILY = "1,2";
				TEST_TARGET_NAME = TheMovieDb;
			};
			name = Release;
		};
/* End XCBuildConfiguration section */

/* Begin XCConfigurationList section */
		837B4E9F258178B6003DFC67 /* Build configuration list for PBXProject "TheMovieDb" */ = {
			isa = XCConfigurationList;
			buildConfigurations = (
				837B4ECC258178BA003DFC67 /* Debug */,
				837B4ECD258178BA003DFC67 /* Release */,
			);
			defaultConfigurationIsVisible = 0;
			defaultConfigurationName = Release;
		};
		837B4ECE258178BA003DFC67 /* Build configuration list for PBXNativeTarget "TheMovieDb" */ = {
			isa = XCConfigurationList;
			buildConfigurations = (
				837B4ECF258178BA003DFC67 /* Debug */,
				837B4ED0258178BA003DFC67 /* Release */,
			);
			defaultConfigurationIsVisible = 0;
			defaultConfigurationName = Release;
		};
		837B4ED1258178BA003DFC67 /* Build configuration list for PBXNativeTarget "TheMovieDbTests" */ = {
			isa = XCConfigurationList;
			buildConfigurations = (
				837B4ED2258178BA003DFC67 /* Debug */,
				837B4ED3258178BA003DFC67 /* Release */,
			);
			defaultConfigurationIsVisible = 0;
			defaultConfigurationName = Release;
		};
		837B4ED4258178BA003DFC67 /* Build configuration list for PBXNativeTarget "TheMovieDbUITests" */ = {
			isa = XCConfigurationList;
			buildConfigurations = (
				837B4ED5258178BA003DFC67 /* Debug */,
				837B4ED6258178BA003DFC67 /* Release */,
			);
			defaultConfigurationIsVisible = 0;
			defaultConfigurationName = Release;
		};
/* End XCConfigurationList section */
	};
	rootObject = 837B4E9C258178B6003DFC67 /* Project object */;
}
