// !$*UTF8*$!
{
	archiveVersion = 1;
	classes = {
	};
	objectVersion = 52;
	objects = {

/* Begin PBXBuildFile section */
		837B4EA8258178B6003DFC67 /* AppDelegate.swift in Sources */ = {isa = PBXBuildFile; fileRef = 837B4EA7258178B6003DFC67 /* AppDelegate.swift */; };
		837B4EAA258178B6003DFC67 /* SceneDelegate.swift in Sources */ = {isa = PBXBuildFile; fileRef = 837B4EA9258178B6003DFC67 /* SceneDelegate.swift */; };
		837B4EAC258178B6003DFC67 /* FeedViewController.swift in Sources */ = {isa = PBXBuildFile; fileRef = 837B4EAB258178B6003DFC67 /* FeedViewController.swift */; };
		837B4EB1258178B9003DFC67 /* Assets.xcassets in Resources */ = {isa = PBXBuildFile; fileRef = 837B4EB0258178B9003DFC67 /* Assets.xcassets */; };
		837B4EB4258178B9003DFC67 /* LaunchScreen.storyboard in Resources */ = {isa = PBXBuildFile; fileRef = 837B4EB2258178B9003DFC67 /* LaunchScreen.storyboard */; };
		837B4EBF258178BA003DFC67 /* TheMovieDbTests.swift in Sources */ = {isa = PBXBuildFile; fileRef = 837B4EBE258178BA003DFC67 /* TheMovieDbTests.swift */; };
		837B4ECA258178BA003DFC67 /* TheMovieDbUITests.swift in Sources */ = {isa = PBXBuildFile; fileRef = 837B4EC9258178BA003DFC67 /* TheMovieDbUITests.swift */; };
		D3034AD02751762900E837CB /* UnitTestMovieDBViewModel_Test.swift in Sources */ = {isa = PBXBuildFile; fileRef = D3034ACF2751762900E837CB /* UnitTestMovieDBViewModel_Test.swift */; };
		D3034AD22751765900E837CB /* UnitTestMovieDBNetworkLayerCombine_Test.swift in Sources */ = {isa = PBXBuildFile; fileRef = D3034AD12751765900E837CB /* UnitTestMovieDBNetworkLayerCombine_Test.swift */; };
		D3034C2A274BE5F90075A96E /* MovieRepository.swift in Sources */ = {isa = PBXBuildFile; fileRef = D3034C29274BE5F90075A96E /* MovieRepository.swift */; };
		D30811172745280300FF2830 /* SizeAndMeasures.swift in Sources */ = {isa = PBXBuildFile; fileRef = D30811162745280300FF2830 /* SizeAndMeasures.swift */; };
		D308111B2745AAED00FF2830 /* UnitTestingMovieDBModels_Test.swift in Sources */ = {isa = PBXBuildFile; fileRef = D308111A2745AAED00FF2830 /* UnitTestingMovieDBModels_Test.swift */; };
		D3117BE42746ED5B00DCD791 /* Extensions.swift in Sources */ = {isa = PBXBuildFile; fileRef = D3117BE32746ED5B00DCD791 /* Extensions.swift */; };
		D31A91DC273564E7003E8743 /* ApiPath.swift in Sources */ = {isa = PBXBuildFile; fileRef = D31A91DB273564E7003E8743 /* ApiPath.swift */; };
		D323290F274D36920021404F /* ReviewDetailController.swift in Sources */ = {isa = PBXBuildFile; fileRef = D323290E274D36920021404F /* ReviewDetailController.swift */; };
		D3232912274D36DE0021404F /* ReviewView.swift in Sources */ = {isa = PBXBuildFile; fileRef = D3232911274D36DE0021404F /* ReviewView.swift */; };
		D3232918274D68C00021404F /* SDWebImageSwiftUI in Frameworks */ = {isa = PBXBuildFile; productRef = D3232917274D68C00021404F /* SDWebImageSwiftUI */; };
		D32DC1DD274A87D400D2865E /* MovieViewModel.swift in Sources */ = {isa = PBXBuildFile; fileRef = D32DC1DC274A87D400D2865E /* MovieViewModel.swift */; };
		D32DC1DF274A87E400D2865E /* MovieDetailsViewModel.swift in Sources */ = {isa = PBXBuildFile; fileRef = D32DC1DE274A87E400D2865E /* MovieDetailsViewModel.swift */; };
		D32DC1E1274A87FB00D2865E /* PersonViewModel.swift in Sources */ = {isa = PBXBuildFile; fileRef = D32DC1E0274A87FB00D2865E /* PersonViewModel.swift */; };
		D32DC1E3274A880800D2865E /* ReviewViewModel.swift in Sources */ = {isa = PBXBuildFile; fileRef = D32DC1E2274A880800D2865E /* ReviewViewModel.swift */; };
		D32DC1E5274A951D00D2865E /* NetworkDispatcher.swift in Sources */ = {isa = PBXBuildFile; fileRef = D32DC1E4274A951D00D2865E /* NetworkDispatcher.swift */; };
		D37F92042740265A00F49E61 /* MovieSection.swift in Sources */ = {isa = PBXBuildFile; fileRef = D37F92032740265A00F49E61 /* MovieSection.swift */; };
		D393509A273D551100482AE7 /* SectionBuilder.swift in Sources */ = {isa = PBXBuildFile; fileRef = D3935099273D551100482AE7 /* SectionBuilder.swift */; };
		D393509C273D554600482AE7 /* ImageBuilder.swift in Sources */ = {isa = PBXBuildFile; fileRef = D393509B273D554600482AE7 /* ImageBuilder.swift */; };
		D393509F273D55D800482AE7 /* LayoutUI.swift in Sources */ = {isa = PBXBuildFile; fileRef = D393509E273D55D800482AE7 /* LayoutUI.swift */; };
		D39350A1273D65CF00482AE7 /* ExtraInfoCell.swift in Sources */ = {isa = PBXBuildFile; fileRef = D39350A0273D65CF00482AE7 /* ExtraInfoCell.swift */; };
		D39350A3273D65DE00482AE7 /* OverviewCell.swift in Sources */ = {isa = PBXBuildFile; fileRef = D39350A2273D65DE00482AE7 /* OverviewCell.swift */; };
		D39350A5273D65E800482AE7 /* CastCell.swift in Sources */ = {isa = PBXBuildFile; fileRef = D39350A4273D65E800482AE7 /* CastCell.swift */; };
		D39350A7273D65F100482AE7 /* ReviewCell.swift in Sources */ = {isa = PBXBuildFile; fileRef = D39350A6273D65F100482AE7 /* ReviewCell.swift */; };
		D39350AB273D65FF00482AE7 /* BaseCell.swift in Sources */ = {isa = PBXBuildFile; fileRef = D39350AA273D65FF00482AE7 /* BaseCell.swift */; };
		D39350AE273D665E00482AE7 /* TopHeaderDetailView.swift in Sources */ = {isa = PBXBuildFile; fileRef = D39350AD273D665E00482AE7 /* TopHeaderDetailView.swift */; };
		D39350B0273D666A00482AE7 /* TitleHeaderDetailView.swift in Sources */ = {isa = PBXBuildFile; fileRef = D39350AF273D666A00482AE7 /* TitleHeaderDetailView.swift */; };
		D39350B3273D670400482AE7 /* HeaderFeedView.swift in Sources */ = {isa = PBXBuildFile; fileRef = D39350B2273D670400482AE7 /* HeaderFeedView.swift */; };
		D39350B8273DB89F00482AE7 /* MovieViewCell.swift in Sources */ = {isa = PBXBuildFile; fileRef = D39350B7273DB89F00482AE7 /* MovieViewCell.swift */; };
		D3B462F02741BB510014AB2B /* CacheImageView.swift in Sources */ = {isa = PBXBuildFile; fileRef = D3B462EF2741BB510014AB2B /* CacheImageView.swift */; };
		D3B756D72742F6DF0076B047 /* SearchBarController.swift in Sources */ = {isa = PBXBuildFile; fileRef = D3B756D62742F6DF0076B047 /* SearchBarController.swift */; };
		D3B756D92742FE840076B047 /* SearchKeyword.swift in Sources */ = {isa = PBXBuildFile; fileRef = D3B756D82742FE840076B047 /* SearchKeyword.swift */; };
		D3D123662730770000E164E1 /* Kingfisher in Frameworks */ = {isa = PBXBuildFile; productRef = D3D123652730770000E164E1 /* Kingfisher */; };
		D3D50C292732C8B1002C487F /* DetailViewController.swift in Sources */ = {isa = PBXBuildFile; fileRef = D3D50C282732C8B1002C487F /* DetailViewController.swift */; };
		D3DEF213274400B1006D5507 /* DiscardableImageCacheItem.swift in Sources */ = {isa = PBXBuildFile; fileRef = D3DEF212274400B1006D5507 /* DiscardableImageCacheItem.swift */; };
		D3E0121327301E8500882F27 /* ApiError.swift in Sources */ = {isa = PBXBuildFile; fileRef = D3E0121227301E8500882F27 /* ApiError.swift */; };
		D3E0121627301F2400882F27 /* EndPoint.swift in Sources */ = {isa = PBXBuildFile; fileRef = D3E0121527301F2400882F27 /* EndPoint.swift */; };
		D3E0121827301F3D00882F27 /* MovieFeed.swift in Sources */ = {isa = PBXBuildFile; fileRef = D3E0121727301F3D00882F27 /* MovieFeed.swift */; };
		D3E0121A27301F4C00882F27 /* InfoById.swift in Sources */ = {isa = PBXBuildFile; fileRef = D3E0121927301F4C00882F27 /* InfoById.swift */; };
		D3E012242730203200882F27 /* Movie.swift in Sources */ = {isa = PBXBuildFile; fileRef = D3E012232730203200882F27 /* Movie.swift */; };
		D3E012282730205900882F27 /* SimilarOrRecommendedMovie.swift in Sources */ = {isa = PBXBuildFile; fileRef = D3E012272730205900882F27 /* SimilarOrRecommendedMovie.swift */; };
		D3E012312730211A00882F27 /* Person.swift in Sources */ = {isa = PBXBuildFile; fileRef = D3E012302730211A00882F27 /* Person.swift */; };
		D3E012362730215C00882F27 /* MovieReview.swift in Sources */ = {isa = PBXBuildFile; fileRef = D3E012352730215C00882F27 /* MovieReview.swift */; };
		D3E012382730216B00882F27 /* AuthorDetails.swift in Sources */ = {isa = PBXBuildFile; fileRef = D3E012372730216B00882F27 /* AuthorDetails.swift */; };
		D3E0123C273022E900882F27 /* MovieClient.swift in Sources */ = {isa = PBXBuildFile; fileRef = D3E0123B273022E900882F27 /* MovieClient.swift */; };
		D3E0123E2730232400882F27 /* Result.swift in Sources */ = {isa = PBXBuildFile; fileRef = D3E0123D2730232400882F27 /* Result.swift */; };
		D3E5E7CE27330C5B002AE950 /* MovieDetails.swift in Sources */ = {isa = PBXBuildFile; fileRef = D3E5E7CD27330C5B002AE950 /* MovieDetails.swift */; };
		D3F283ED2731C550003A3A13 /* TextStyle.swift in Sources */ = {isa = PBXBuildFile; fileRef = D3F283EC2731C550003A3A13 /* TextStyle.swift */; };
		D3F283EF2731CAD3003A3A13 /* DesignColor.swift in Sources */ = {isa = PBXBuildFile; fileRef = D3F283EE2731CAD3003A3A13 /* DesignColor.swift */; };
		D3F283F12731D0F7003A3A13 /* LabelBuilder.swift in Sources */ = {isa = PBXBuildFile; fileRef = D3F283F02731D0F7003A3A13 /* LabelBuilder.swift */; };
/* End PBXBuildFile section */

/* Begin PBXContainerItemProxy section */
		837B4EBB258178BA003DFC67 /* PBXContainerItemProxy */ = {
			isa = PBXContainerItemProxy;
			containerPortal = 837B4E9C258178B6003DFC67 /* Project object */;
			proxyType = 1;
			remoteGlobalIDString = 837B4EA3258178B6003DFC67;
			remoteInfo = TheMovieDb;
		};
		837B4EC6258178BA003DFC67 /* PBXContainerItemProxy */ = {
			isa = PBXContainerItemProxy;
			containerPortal = 837B4E9C258178B6003DFC67 /* Project object */;
			proxyType = 1;
			remoteGlobalIDString = 837B4EA3258178B6003DFC67;
			remoteInfo = TheMovieDb;
		};
/* End PBXContainerItemProxy section */

/* Begin PBXFileReference section */
		837B4EA4258178B6003DFC67 /* TheMovieDb.app */ = {isa = PBXFileReference; explicitFileType = wrapper.application; includeInIndex = 0; path = TheMovieDb.app; sourceTree = BUILT_PRODUCTS_DIR; };
		837B4EA7258178B6003DFC67 /* AppDelegate.swift */ = {isa = PBXFileReference; lastKnownFileType = sourcecode.swift; path = AppDelegate.swift; sourceTree = "<group>"; };
		837B4EA9258178B6003DFC67 /* SceneDelegate.swift */ = {isa = PBXFileReference; lastKnownFileType = sourcecode.swift; path = SceneDelegate.swift; sourceTree = "<group>"; };
		837B4EAB258178B6003DFC67 /* FeedViewController.swift */ = {isa = PBXFileReference; lastKnownFileType = sourcecode.swift; path = FeedViewController.swift; sourceTree = "<group>"; };
		837B4EB0258178B9003DFC67 /* Assets.xcassets */ = {isa = PBXFileReference; lastKnownFileType = folder.assetcatalog; path = Assets.xcassets; sourceTree = "<group>"; };
		837B4EB3258178B9003DFC67 /* Base */ = {isa = PBXFileReference; lastKnownFileType = file.storyboard; name = Base; path = Base.lproj/LaunchScreen.storyboard; sourceTree = "<group>"; };
		837B4EB5258178B9003DFC67 /* Info.plist */ = {isa = PBXFileReference; lastKnownFileType = text.plist.xml; path = Info.plist; sourceTree = "<group>"; };
		837B4EBA258178BA003DFC67 /* TheMovieDbTests.xctest */ = {isa = PBXFileReference; explicitFileType = wrapper.cfbundle; includeInIndex = 0; path = TheMovieDbTests.xctest; sourceTree = BUILT_PRODUCTS_DIR; };
		837B4EBE258178BA003DFC67 /* TheMovieDbTests.swift */ = {isa = PBXFileReference; lastKnownFileType = sourcecode.swift; path = TheMovieDbTests.swift; sourceTree = "<group>"; };
		837B4EC0258178BA003DFC67 /* Info.plist */ = {isa = PBXFileReference; lastKnownFileType = text.plist.xml; path = Info.plist; sourceTree = "<group>"; };
		837B4EC5258178BA003DFC67 /* TheMovieDbUITests.xctest */ = {isa = PBXFileReference; explicitFileType = wrapper.cfbundle; includeInIndex = 0; path = TheMovieDbUITests.xctest; sourceTree = BUILT_PRODUCTS_DIR; };
		837B4EC9258178BA003DFC67 /* TheMovieDbUITests.swift */ = {isa = PBXFileReference; lastKnownFileType = sourcecode.swift; path = TheMovieDbUITests.swift; sourceTree = "<group>"; };
		837B4ECB258178BA003DFC67 /* Info.plist */ = {isa = PBXFileReference; lastKnownFileType = text.plist.xml; path = Info.plist; sourceTree = "<group>"; };
		D3034ACF2751762900E837CB /* UnitTestMovieDBViewModel_Test.swift */ = {isa = PBXFileReference; lastKnownFileType = sourcecode.swift; path = UnitTestMovieDBViewModel_Test.swift; sourceTree = "<group>"; };
		D3034AD12751765900E837CB /* UnitTestMovieDBNetworkLayerCombine_Test.swift */ = {isa = PBXFileReference; lastKnownFileType = sourcecode.swift; path = UnitTestMovieDBNetworkLayerCombine_Test.swift; sourceTree = "<group>"; };
		D3034C29274BE5F90075A96E /* MovieRepository.swift */ = {isa = PBXFileReference; lastKnownFileType = sourcecode.swift; path = MovieRepository.swift; sourceTree = "<group>"; };
		D30811162745280300FF2830 /* SizeAndMeasures.swift */ = {isa = PBXFileReference; lastKnownFileType = sourcecode.swift; path = SizeAndMeasures.swift; sourceTree = "<group>"; };
		D308111A2745AAED00FF2830 /* UnitTestingMovieDBModels_Test.swift */ = {isa = PBXFileReference; lastKnownFileType = sourcecode.swift; path = UnitTestingMovieDBModels_Test.swift; sourceTree = "<group>"; };
		D3117BE32746ED5B00DCD791 /* Extensions.swift */ = {isa = PBXFileReference; lastKnownFileType = sourcecode.swift; path = Extensions.swift; sourceTree = "<group>"; };
		D31A91DB273564E7003E8743 /* ApiPath.swift */ = {isa = PBXFileReference; lastKnownFileType = sourcecode.swift; path = ApiPath.swift; sourceTree = "<group>"; };
		D323290E274D36920021404F /* ReviewDetailController.swift */ = {isa = PBXFileReference; lastKnownFileType = sourcecode.swift; path = ReviewDetailController.swift; sourceTree = "<group>"; };
		D3232911274D36DE0021404F /* ReviewView.swift */ = {isa = PBXFileReference; lastKnownFileType = sourcecode.swift; path = ReviewView.swift; sourceTree = "<group>"; };
		D32DC1DC274A87D400D2865E /* MovieViewModel.swift */ = {isa = PBXFileReference; lastKnownFileType = sourcecode.swift; path = MovieViewModel.swift; sourceTree = "<group>"; };
		D32DC1DE274A87E400D2865E /* MovieDetailsViewModel.swift */ = {isa = PBXFileReference; lastKnownFileType = sourcecode.swift; path = MovieDetailsViewModel.swift; sourceTree = "<group>"; };
		D32DC1E0274A87FB00D2865E /* PersonViewModel.swift */ = {isa = PBXFileReference; lastKnownFileType = sourcecode.swift; path = PersonViewModel.swift; sourceTree = "<group>"; };
		D32DC1E2274A880800D2865E /* ReviewViewModel.swift */ = {isa = PBXFileReference; lastKnownFileType = sourcecode.swift; path = ReviewViewModel.swift; sourceTree = "<group>"; };
		D32DC1E4274A951D00D2865E /* NetworkDispatcher.swift */ = {isa = PBXFileReference; lastKnownFileType = sourcecode.swift; path = NetworkDispatcher.swift; sourceTree = "<group>"; };
		D37F92032740265A00F49E61 /* MovieSection.swift */ = {isa = PBXFileReference; lastKnownFileType = sourcecode.swift; path = MovieSection.swift; sourceTree = "<group>"; };
		D3935099273D551100482AE7 /* SectionBuilder.swift */ = {isa = PBXFileReference; lastKnownFileType = sourcecode.swift; path = SectionBuilder.swift; sourceTree = "<group>"; };
		D393509B273D554600482AE7 /* ImageBuilder.swift */ = {isa = PBXFileReference; lastKnownFileType = sourcecode.swift; path = ImageBuilder.swift; sourceTree = "<group>"; };
		D393509E273D55D800482AE7 /* LayoutUI.swift */ = {isa = PBXFileReference; lastKnownFileType = sourcecode.swift; path = LayoutUI.swift; sourceTree = "<group>"; };
		D39350A0273D65CF00482AE7 /* ExtraInfoCell.swift */ = {isa = PBXFileReference; lastKnownFileType = sourcecode.swift; path = ExtraInfoCell.swift; sourceTree = "<group>"; };
		D39350A2273D65DE00482AE7 /* OverviewCell.swift */ = {isa = PBXFileReference; lastKnownFileType = sourcecode.swift; path = OverviewCell.swift; sourceTree = "<group>"; };
		D39350A4273D65E800482AE7 /* CastCell.swift */ = {isa = PBXFileReference; lastKnownFileType = sourcecode.swift; path = CastCell.swift; sourceTree = "<group>"; };
		D39350A6273D65F100482AE7 /* ReviewCell.swift */ = {isa = PBXFileReference; lastKnownFileType = sourcecode.swift; path = ReviewCell.swift; sourceTree = "<group>"; };
		D39350AA273D65FF00482AE7 /* BaseCell.swift */ = {isa = PBXFileReference; lastKnownFileType = sourcecode.swift; path = BaseCell.swift; sourceTree = "<group>"; };
		D39350AD273D665E00482AE7 /* TopHeaderDetailView.swift */ = {isa = PBXFileReference; lastKnownFileType = sourcecode.swift; path = TopHeaderDetailView.swift; sourceTree = "<group>"; };
		D39350AF273D666A00482AE7 /* TitleHeaderDetailView.swift */ = {isa = PBXFileReference; lastKnownFileType = sourcecode.swift; path = TitleHeaderDetailView.swift; sourceTree = "<group>"; };
		D39350B2273D670400482AE7 /* HeaderFeedView.swift */ = {isa = PBXFileReference; lastKnownFileType = sourcecode.swift; path = HeaderFeedView.swift; sourceTree = "<group>"; };
		D39350B7273DB89F00482AE7 /* MovieViewCell.swift */ = {isa = PBXFileReference; lastKnownFileType = sourcecode.swift; path = MovieViewCell.swift; sourceTree = "<group>"; };
		D3B462EF2741BB510014AB2B /* CacheImageView.swift */ = {isa = PBXFileReference; lastKnownFileType = sourcecode.swift; path = CacheImageView.swift; sourceTree = "<group>"; };
		D3B756D62742F6DF0076B047 /* SearchBarController.swift */ = {isa = PBXFileReference; lastKnownFileType = sourcecode.swift; path = SearchBarController.swift; sourceTree = "<group>"; };
		D3B756D82742FE840076B047 /* SearchKeyword.swift */ = {isa = PBXFileReference; lastKnownFileType = sourcecode.swift; path = SearchKeyword.swift; sourceTree = "<group>"; };
		D3D50C282732C8B1002C487F /* DetailViewController.swift */ = {isa = PBXFileReference; lastKnownFileType = sourcecode.swift; path = DetailViewController.swift; sourceTree = "<group>"; };
		D3DEF212274400B1006D5507 /* DiscardableImageCacheItem.swift */ = {isa = PBXFileReference; lastKnownFileType = sourcecode.swift; path = DiscardableImageCacheItem.swift; sourceTree = "<group>"; };
		D3E0121227301E8500882F27 /* ApiError.swift */ = {isa = PBXFileReference; lastKnownFileType = sourcecode.swift; path = ApiError.swift; sourceTree = "<group>"; };
		D3E0121527301F2400882F27 /* EndPoint.swift */ = {isa = PBXFileReference; lastKnownFileType = sourcecode.swift; path = EndPoint.swift; sourceTree = "<group>"; };
		D3E0121727301F3D00882F27 /* MovieFeed.swift */ = {isa = PBXFileReference; lastKnownFileType = sourcecode.swift; path = MovieFeed.swift; sourceTree = "<group>"; };
		D3E0121927301F4C00882F27 /* InfoById.swift */ = {isa = PBXFileReference; lastKnownFileType = sourcecode.swift; path = InfoById.swift; sourceTree = "<group>"; };
		D3E012232730203200882F27 /* Movie.swift */ = {isa = PBXFileReference; lastKnownFileType = sourcecode.swift; path = Movie.swift; sourceTree = "<group>"; };
		D3E012272730205900882F27 /* SimilarOrRecommendedMovie.swift */ = {isa = PBXFileReference; lastKnownFileType = sourcecode.swift; path = SimilarOrRecommendedMovie.swift; sourceTree = "<group>"; };
		D3E012302730211A00882F27 /* Person.swift */ = {isa = PBXFileReference; lastKnownFileType = sourcecode.swift; path = Person.swift; sourceTree = "<group>"; };
		D3E012352730215C00882F27 /* MovieReview.swift */ = {isa = PBXFileReference; lastKnownFileType = sourcecode.swift; path = MovieReview.swift; sourceTree = "<group>"; };
		D3E012372730216B00882F27 /* AuthorDetails.swift */ = {isa = PBXFileReference; lastKnownFileType = sourcecode.swift; path = AuthorDetails.swift; sourceTree = "<group>"; };
		D3E0123B273022E900882F27 /* MovieClient.swift */ = {isa = PBXFileReference; lastKnownFileType = sourcecode.swift; path = MovieClient.swift; sourceTree = "<group>"; };
		D3E0123D2730232400882F27 /* Result.swift */ = {isa = PBXFileReference; lastKnownFileType = sourcecode.swift; path = Result.swift; sourceTree = "<group>"; };
		D3E5E7CD27330C5B002AE950 /* MovieDetails.swift */ = {isa = PBXFileReference; lastKnownFileType = sourcecode.swift; path = MovieDetails.swift; sourceTree = "<group>"; };
		D3F283EC2731C550003A3A13 /* TextStyle.swift */ = {isa = PBXFileReference; lastKnownFileType = sourcecode.swift; path = TextStyle.swift; sourceTree = "<group>"; };
		D3F283EE2731CAD3003A3A13 /* DesignColor.swift */ = {isa = PBXFileReference; lastKnownFileType = sourcecode.swift; path = DesignColor.swift; sourceTree = "<group>"; };
		D3F283F02731D0F7003A3A13 /* LabelBuilder.swift */ = {isa = PBXFileReference; lastKnownFileType = sourcecode.swift; path = LabelBuilder.swift; sourceTree = "<group>"; };
/* End PBXFileReference section */

/* Begin PBXFrameworksBuildPhase section */
		837B4EA1258178B6003DFC67 /* Frameworks */ = {
			isa = PBXFrameworksBuildPhase;
			buildActionMask = 2147483647;
			files = (
				D3232918274D68C00021404F /* SDWebImageSwiftUI in Frameworks */,
				D3D123662730770000E164E1 /* Kingfisher in Frameworks */,
			);
			runOnlyForDeploymentPostprocessing = 0;
		};
		837B4EB7258178BA003DFC67 /* Frameworks */ = {
			isa = PBXFrameworksBuildPhase;
			buildActionMask = 2147483647;
			files = (
			);
			runOnlyForDeploymentPostprocessing = 0;
		};
		837B4EC2258178BA003DFC67 /* Frameworks */ = {
			isa = PBXFrameworksBuildPhase;
			buildActionMask = 2147483647;
			files = (
			);
			runOnlyForDeploymentPostprocessing = 0;
		};
/* End PBXFrameworksBuildPhase section */

/* Begin PBXGroup section */
		837B4E9B258178B6003DFC67 = {
			isa = PBXGroup;
			children = (
				837B4EA6258178B6003DFC67 /* TheMovieDb */,
				837B4EBD258178BA003DFC67 /* TheMovieDbTests */,
				837B4EC8258178BA003DFC67 /* TheMovieDbUITests */,
				837B4EA5258178B6003DFC67 /* Products */,
			);
			sourceTree = "<group>";
		};
		837B4EA5258178B6003DFC67 /* Products */ = {
			isa = PBXGroup;
			children = (
				837B4EA4258178B6003DFC67 /* TheMovieDb.app */,
				837B4EBA258178BA003DFC67 /* TheMovieDbTests.xctest */,
				837B4EC5258178BA003DFC67 /* TheMovieDbUITests.xctest */,
			);
			name = Products;
			sourceTree = "<group>";
		};
		837B4EA6258178B6003DFC67 /* TheMovieDb */ = {
			isa = PBXGroup;
			children = (
				837B4EA7258178B6003DFC67 /* AppDelegate.swift */,
				837B4EA9258178B6003DFC67 /* SceneDelegate.swift */,
				D3034C2F274BEE450075A96E /* repository */,
				D32DC1DB274A87BF00D2865E /* ViewModels */,
				D3F283E827318459003A3A13 /* Helpers */,
				D3F283EB27318542003A3A13 /* DesignSystem */,
				D3E012202730200600882F27 /* View */,
				D3E0121F27301FF500882F27 /* Model */,
				D3E0120F27301E3F00882F27 /* Network */,
				837B4EB0258178B9003DFC67 /* Assets.xcassets */,
				837B4EB2258178B9003DFC67 /* LaunchScreen.storyboard */,
				837B4EB5258178B9003DFC67 /* Info.plist */,
			);
			path = TheMovieDb;
			sourceTree = "<group>";
		};
		837B4EBD258178BA003DFC67 /* TheMovieDbTests */ = {
			isa = PBXGroup;
			children = (
				837B4EBE258178BA003DFC67 /* TheMovieDbTests.swift */,
				D308111A2745AAED00FF2830 /* UnitTestingMovieDBModels_Test.swift */,
				D3034ACF2751762900E837CB /* UnitTestMovieDBViewModel_Test.swift */,
				D3034AD12751765900E837CB /* UnitTestMovieDBNetworkLayerCombine_Test.swift */,
				837B4EC0258178BA003DFC67 /* Info.plist */,
			);
			path = TheMovieDbTests;
			sourceTree = "<group>";
		};
		837B4EC8258178BA003DFC67 /* TheMovieDbUITests */ = {
			isa = PBXGroup;
			children = (
				837B4EC9258178BA003DFC67 /* TheMovieDbUITests.swift */,
				837B4ECB258178BA003DFC67 /* Info.plist */,
			);
			path = TheMovieDbUITests;
			sourceTree = "<group>";
		};
		D3034C2F274BEE450075A96E /* repository */ = {
			isa = PBXGroup;
			children = (
				D3034C29274BE5F90075A96E /* MovieRepository.swift */,
			);
			path = repository;
			sourceTree = "<group>";
		};
		D3232910274D36C40021404F /* SwiftUIView */ = {
			isa = PBXGroup;
			children = (
				D323290E274D36920021404F /* ReviewDetailController.swift */,
				D3232911274D36DE0021404F /* ReviewView.swift */,
			);
			path = SwiftUIView;
			sourceTree = "<group>";
		};
		D32DC1DB274A87BF00D2865E /* ViewModels */ = {
			isa = PBXGroup;
			children = (
				D32DC1DC274A87D400D2865E /* MovieViewModel.swift */,
				D32DC1DE274A87E400D2865E /* MovieDetailsViewModel.swift */,
				D32DC1E0274A87FB00D2865E /* PersonViewModel.swift */,
				D32DC1E2274A880800D2865E /* ReviewViewModel.swift */,
			);
			path = ViewModels;
			sourceTree = "<group>";
		};
		D393509D273D55A500482AE7 /* Builders */ = {
			isa = PBXGroup;
			children = (
				D3F283F02731D0F7003A3A13 /* LabelBuilder.swift */,
				D3935099273D551100482AE7 /* SectionBuilder.swift */,
				D393509B273D554600482AE7 /* ImageBuilder.swift */,
			);
			path = Builders;
			sourceTree = "<group>";
		};
		D39350AC273D664400482AE7 /* DetailViewCells */ = {
			isa = PBXGroup;
			children = (
				D39350A0273D65CF00482AE7 /* ExtraInfoCell.swift */,
				D39350A2273D65DE00482AE7 /* OverviewCell.swift */,
				D39350A4273D65E800482AE7 /* CastCell.swift */,
				D39350A6273D65F100482AE7 /* ReviewCell.swift */,
				D39350AA273D65FF00482AE7 /* BaseCell.swift */,
			);
			path = DetailViewCells;
			sourceTree = "<group>";
		};
		D39350B1273D669000482AE7 /* Headers */ = {
			isa = PBXGroup;
			children = (
				D39350AD273D665E00482AE7 /* TopHeaderDetailView.swift */,
				D39350AF273D666A00482AE7 /* TitleHeaderDetailView.swift */,
				D39350B2273D670400482AE7 /* HeaderFeedView.swift */,
			);
			path = Headers;
			sourceTree = "<group>";
		};
		D39350B9273DBA6900482AE7 /* FeedViewCells */ = {
			isa = PBXGroup;
			children = (
				D39350B7273DB89F00482AE7 /* MovieViewCell.swift */,
			);
			path = FeedViewCells;
			sourceTree = "<group>";
		};
		D3DEF21127440089006D5507 /* CacheImage */ = {
			isa = PBXGroup;
			children = (
				D3B462EF2741BB510014AB2B /* CacheImageView.swift */,
				D3DEF212274400B1006D5507 /* DiscardableImageCacheItem.swift */,
			);
			path = CacheImage;
			sourceTree = "<group>";
		};
		D3E0120F27301E3F00882F27 /* Network */ = {
			isa = PBXGroup;
			children = (
				D3E0121427301F1000882F27 /* URLComponent */,
				D3E0121227301E8500882F27 /* ApiError.swift */,
				D3E0123B273022E900882F27 /* MovieClient.swift */,
				D32DC1E4274A951D00D2865E /* NetworkDispatcher.swift */,
				D3E0123D2730232400882F27 /* Result.swift */,
			);
			path = Network;
			sourceTree = "<group>";
		};
		D3E0121427301F1000882F27 /* URLComponent */ = {
			isa = PBXGroup;
			children = (
				D3E0121527301F2400882F27 /* EndPoint.swift */,
				D3E0121727301F3D00882F27 /* MovieFeed.swift */,
				D3E0121927301F4C00882F27 /* InfoById.swift */,
				D31A91DB273564E7003E8743 /* ApiPath.swift */,
				D3B756D82742FE840076B047 /* SearchKeyword.swift */,
			);
			path = URLComponent;
			sourceTree = "<group>";
		};
		D3E0121F27301FF500882F27 /* Model */ = {
			isa = PBXGroup;
			children = (
				D3E012222730201800882F27 /* Movie */,
				D3E0122F2730210B00882F27 /* Cast */,
				D3E012342730214C00882F27 /* Reviews */,
			);
			path = Model;
			sourceTree = "<group>";
		};
		D3E012202730200600882F27 /* View */ = {
			isa = PBXGroup;
			children = (
				D3E012212730200F00882F27 /* Controller */,
				D39350B1273D669000482AE7 /* Headers */,
				D39350AC273D664400482AE7 /* DetailViewCells */,
				D39350B9273DBA6900482AE7 /* FeedViewCells */,
			);
			path = View;
			sourceTree = "<group>";
		};
		D3E012212730200F00882F27 /* Controller */ = {
			isa = PBXGroup;
			children = (
				D3B756D62742F6DF0076B047 /* SearchBarController.swift */,
				837B4EAB258178B6003DFC67 /* FeedViewController.swift */,
				D3D50C282732C8B1002C487F /* DetailViewController.swift */,
				D3232910274D36C40021404F /* SwiftUIView */,
			);
			path = Controller;
			sourceTree = "<group>";
		};
		D3E012222730201800882F27 /* Movie */ = {
			isa = PBXGroup;
			children = (
				D3E012232730203200882F27 /* Movie.swift */,
				D3E5E7CD27330C5B002AE950 /* MovieDetails.swift */,
				D3E012272730205900882F27 /* SimilarOrRecommendedMovie.swift */,
			);
			path = Movie;
			sourceTree = "<group>";
		};
		D3E0122F2730210B00882F27 /* Cast */ = {
			isa = PBXGroup;
			children = (
				D3E012302730211A00882F27 /* Person.swift */,
			);
			path = Cast;
			sourceTree = "<group>";
		};
		D3E012342730214C00882F27 /* Reviews */ = {
			isa = PBXGroup;
			children = (
				D3E012352730215C00882F27 /* MovieReview.swift */,
				D3E012372730216B00882F27 /* AuthorDetails.swift */,
			);
			path = Reviews;
			sourceTree = "<group>";
		};
		D3F283E827318459003A3A13 /* Helpers */ = {
			isa = PBXGroup;
			children = (
				D393509E273D55D800482AE7 /* LayoutUI.swift */,
				D37F92032740265A00F49E61 /* MovieSection.swift */,
				D3117BE32746ED5B00DCD791 /* Extensions.swift */,
				D3DEF21127440089006D5507 /* CacheImage */,
			);
			path = Helpers;
			sourceTree = "<group>";
		};
		D3F283EB27318542003A3A13 /* DesignSystem */ = {
			isa = PBXGroup;
			children = (
				D3F283EC2731C550003A3A13 /* TextStyle.swift */,
				D3F283EE2731CAD3003A3A13 /* DesignColor.swift */,
				D30811162745280300FF2830 /* SizeAndMeasures.swift */,
				D393509D273D55A500482AE7 /* Builders */,
			);
			path = DesignSystem;
			sourceTree = "<group>";
		};
/* End PBXGroup section */

/* Begin PBXNativeTarget section */
		837B4EA3258178B6003DFC67 /* TheMovieDb */ = {
			isa = PBXNativeTarget;
			buildConfigurationList = 837B4ECE258178BA003DFC67 /* Build configuration list for PBXNativeTarget "TheMovieDb" */;
			buildPhases = (
				837B4EA0258178B6003DFC67 /* Sources */,
				837B4EA1258178B6003DFC67 /* Frameworks */,
				837B4EA2258178B6003DFC67 /* Resources */,
				D3D2D6D12731750600279692 /* ShellScript */,
			);
			buildRules = (
			);
			dependencies = (
			);
			name = TheMovieDb;
			packageProductDependencies = (
				D3D123652730770000E164E1 /* Kingfisher */,
				D3232917274D68C00021404F /* SDWebImageSwiftUI */,
			);
			productName = TheMovieDb;
			productReference = 837B4EA4258178B6003DFC67 /* TheMovieDb.app */;
			productType = "com.apple.product-type.application";
		};
		837B4EB9258178BA003DFC67 /* TheMovieDbTests */ = {
			isa = PBXNativeTarget;
			buildConfigurationList = 837B4ED1258178BA003DFC67 /* Build configuration list for PBXNativeTarget "TheMovieDbTests" */;
			buildPhases = (
				837B4EB6258178BA003DFC67 /* Sources */,
				837B4EB7258178BA003DFC67 /* Frameworks */,
				837B4EB8258178BA003DFC67 /* Resources */,
			);
			buildRules = (
			);
			dependencies = (
				837B4EBC258178BA003DFC67 /* PBXTargetDependency */,
			);
			name = TheMovieDbTests;
			productName = TheMovieDbTests;
			productReference = 837B4EBA258178BA003DFC67 /* TheMovieDbTests.xctest */;
			productType = "com.apple.product-type.bundle.unit-test";
		};
		837B4EC4258178BA003DFC67 /* TheMovieDbUITests */ = {
			isa = PBXNativeTarget;
			buildConfigurationList = 837B4ED4258178BA003DFC67 /* Build configuration list for PBXNativeTarget "TheMovieDbUITests" */;
			buildPhases = (
				837B4EC1258178BA003DFC67 /* Sources */,
				837B4EC2258178BA003DFC67 /* Frameworks */,
				837B4EC3258178BA003DFC67 /* Resources */,
			);
			buildRules = (
			);
			dependencies = (
				837B4EC7258178BA003DFC67 /* PBXTargetDependency */,
			);
			name = TheMovieDbUITests;
			productName = TheMovieDbUITests;
			productReference = 837B4EC5258178BA003DFC67 /* TheMovieDbUITests.xctest */;
			productType = "com.apple.product-type.bundle.ui-testing";
		};
/* End PBXNativeTarget section */

/* Begin PBXProject section */
		837B4E9C258178B6003DFC67 /* Project object */ = {
			isa = PBXProject;
			attributes = {
				LastSwiftUpdateCheck = 1210;
				LastUpgradeCheck = 1210;
				TargetAttributes = {
					837B4EA3258178B6003DFC67 = {
						CreatedOnToolsVersion = 12.1;
					};
					837B4EB9258178BA003DFC67 = {
						CreatedOnToolsVersion = 12.1;
						TestTargetID = 837B4EA3258178B6003DFC67;
					};
					837B4EC4258178BA003DFC67 = {
						CreatedOnToolsVersion = 12.1;
						TestTargetID = 837B4EA3258178B6003DFC67;
					};
				};
			};
			buildConfigurationList = 837B4E9F258178B6003DFC67 /* Build configuration list for PBXProject "TheMovieDb" */;
			compatibilityVersion = "Xcode 9.3";
			developmentRegion = en;
			hasScannedForEncodings = 0;
			knownRegions = (
				en,
				Base,
			);
			mainGroup = 837B4E9B258178B6003DFC67;
			packageReferences = (
				D3D123642730770000E164E1 /* XCRemoteSwiftPackageReference "Kingfisher" */,
				D3232916274D68C00021404F /* XCRemoteSwiftPackageReference "SDWebImageSwiftUI" */,
			);
			productRefGroup = 837B4EA5258178B6003DFC67 /* Products */;
			projectDirPath = "";
			projectRoot = "";
			targets = (
				837B4EA3258178B6003DFC67 /* TheMovieDb */,
				837B4EB9258178BA003DFC67 /* TheMovieDbTests */,
				837B4EC4258178BA003DFC67 /* TheMovieDbUITests */,
			);
		};
/* End PBXProject section */

/* Begin PBXResourcesBuildPhase section */
		837B4EA2258178B6003DFC67 /* Resources */ = {
			isa = PBXResourcesBuildPhase;
			buildActionMask = 2147483647;
			files = (
				837B4EB4258178B9003DFC67 /* LaunchScreen.storyboard in Resources */,
				837B4EB1258178B9003DFC67 /* Assets.xcassets in Resources */,
			);
			runOnlyForDeploymentPostprocessing = 0;
		};
		837B4EB8258178BA003DFC67 /* Resources */ = {
			isa = PBXResourcesBuildPhase;
			buildActionMask = 2147483647;
			files = (
			);
			runOnlyForDeploymentPostprocessing = 0;
		};
		837B4EC3258178BA003DFC67 /* Resources */ = {
			isa = PBXResourcesBuildPhase;
			buildActionMask = 2147483647;
			files = (
			);
			runOnlyForDeploymentPostprocessing = 0;
		};
/* End PBXResourcesBuildPhase section */

/* Begin PBXShellScriptBuildPhase section */
		D3D2D6D12731750600279692 /* ShellScript */ = {
			isa = PBXShellScriptBuildPhase;
			buildActionMask = 2147483647;
			files = (
			);
			inputFileListPaths = (
			);
			inputPaths = (
			);
			outputFileListPaths = (
			);
			outputPaths = (
			);
			runOnlyForDeploymentPostprocessing = 0;
			shellPath = /bin/sh;
			shellScript = "if which swiftlint >/dev/null; then\n  swiftlint\nelse\n  echo \"warning: SwiftLint not installed, download from https://github.com/realm/SwiftLint\"\nfi\n";
		};
/* End PBXShellScriptBuildPhase section */

/* Begin PBXSourcesBuildPhase section */
		837B4EA0258178B6003DFC67 /* Sources */ = {
			isa = PBXSourcesBuildPhase;
			buildActionMask = 2147483647;
			files = (
				D3E0121627301F2400882F27 /* EndPoint.swift in Sources */,
				837B4EAC258178B6003DFC67 /* FeedViewController.swift in Sources */,
				D3E5E7CE27330C5B002AE950 /* MovieDetails.swift in Sources */,
				D39350A5273D65E800482AE7 /* CastCell.swift in Sources */,
				D3E012382730216B00882F27 /* AuthorDetails.swift in Sources */,
				D32DC1DF274A87E400D2865E /* MovieDetailsViewModel.swift in Sources */,
				D39350AB273D65FF00482AE7 /* BaseCell.swift in Sources */,
				D39350A1273D65CF00482AE7 /* ExtraInfoCell.swift in Sources */,
				D3034C2A274BE5F90075A96E /* MovieRepository.swift in Sources */,
				D37F92042740265A00F49E61 /* MovieSection.swift in Sources */,
				D39350B8273DB89F00482AE7 /* MovieViewCell.swift in Sources */,
				D3E0121827301F3D00882F27 /* MovieFeed.swift in Sources */,
				D30811172745280300FF2830 /* SizeAndMeasures.swift in Sources */,
				D3B756D72742F6DF0076B047 /* SearchBarController.swift in Sources */,
				D32DC1E1274A87FB00D2865E /* PersonViewModel.swift in Sources */,
				D393509F273D55D800482AE7 /* LayoutUI.swift in Sources */,
				D3E0123C273022E900882F27 /* MovieClient.swift in Sources */,
				D39350A3273D65DE00482AE7 /* OverviewCell.swift in Sources */,
				D3F283ED2731C550003A3A13 /* TextStyle.swift in Sources */,
				D3E012282730205900882F27 /* SimilarOrRecommendedMovie.swift in Sources */,
				D3B756D92742FE840076B047 /* SearchKeyword.swift in Sources */,
				D323290F274D36920021404F /* ReviewDetailController.swift in Sources */,
				D3F283F12731D0F7003A3A13 /* LabelBuilder.swift in Sources */,
				D32DC1E5274A951D00D2865E /* NetworkDispatcher.swift in Sources */,
				D39350AE273D665E00482AE7 /* TopHeaderDetailView.swift in Sources */,
				D393509A273D551100482AE7 /* SectionBuilder.swift in Sources */,
				D3B462F02741BB510014AB2B /* CacheImageView.swift in Sources */,
				D3DEF213274400B1006D5507 /* DiscardableImageCacheItem.swift in Sources */,
				837B4EA8258178B6003DFC67 /* AppDelegate.swift in Sources */,
				837B4EAA258178B6003DFC67 /* SceneDelegate.swift in Sources */,
				D3E0123E2730232400882F27 /* Result.swift in Sources */,
				D3D50C292732C8B1002C487F /* DetailViewController.swift in Sources */,
				D3117BE42746ED5B00DCD791 /* Extensions.swift in Sources */,
				D3E0121A27301F4C00882F27 /* InfoById.swift in Sources */,
				D39350A7273D65F100482AE7 /* ReviewCell.swift in Sources */,
				D3E0121327301E8500882F27 /* ApiError.swift in Sources */,
				D3E012312730211A00882F27 /* Person.swift in Sources */,
				D39350B3273D670400482AE7 /* HeaderFeedView.swift in Sources */,
				D3E012242730203200882F27 /* Movie.swift in Sources */,
				D393509C273D554600482AE7 /* ImageBuilder.swift in Sources */,
				D39350B0273D666A00482AE7 /* TitleHeaderDetailView.swift in Sources */,
				D3232912274D36DE0021404F /* ReviewView.swift in Sources */,
				D3F283EF2731CAD3003A3A13 /* DesignColor.swift in Sources */,
				D32DC1DD274A87D400D2865E /* MovieViewModel.swift in Sources */,
				D3E012362730215C00882F27 /* MovieReview.swift in Sources */,
				D32DC1E3274A880800D2865E /* ReviewViewModel.swift in Sources */,
				D31A91DC273564E7003E8743 /* ApiPath.swift in Sources */,
			);
			runOnlyForDeploymentPostprocessing = 0;
		};
		837B4EB6258178BA003DFC67 /* Sources */ = {
			isa = PBXSourcesBuildPhase;
			buildActionMask = 2147483647;
			files = (
				837B4EBF258178BA003DFC67 /* TheMovieDbTests.swift in Sources */,
				D3034AD22751765900E837CB /* UnitTestMovieDBNetworkLayerCombine_Test.swift in Sources */,
				D3034AD02751762900E837CB /* UnitTestMovieDBViewModel_Test.swift in Sources */,
				D308111B2745AAED00FF2830 /* UnitTestingMovieDBModels_Test.swift in Sources */,
			);
			runOnlyForDeploymentPostprocessing = 0;
		};
		837B4EC1258178BA003DFC67 /* Sources */ = {
			isa = PBXSourcesBuildPhase;
			buildActionMask = 2147483647;
			files = (
				837B4ECA258178BA003DFC67 /* TheMovieDbUITests.swift in Sources */,
			);
			runOnlyForDeploymentPostprocessing = 0;
		};
/* End PBXSourcesBuildPhase section */

/* Begin PBXTargetDependency section */
		837B4EBC258178BA003DFC67 /* PBXTargetDependency */ = {
			isa = PBXTargetDependency;
			target = 837B4EA3258178B6003DFC67 /* TheMovieDb */;
			targetProxy = 837B4EBB258178BA003DFC67 /* PBXContainerItemProxy */;
		};
		837B4EC7258178BA003DFC67 /* PBXTargetDependency */ = {
			isa = PBXTargetDependency;
			target = 837B4EA3258178B6003DFC67 /* TheMovieDb */;
			targetProxy = 837B4EC6258178BA003DFC67 /* PBXContainerItemProxy */;
		};
/* End PBXTargetDependency section */

/* Begin PBXVariantGroup section */
		837B4EB2258178B9003DFC67 /* LaunchScreen.storyboard */ = {
			isa = PBXVariantGroup;
			children = (
				837B4EB3258178B9003DFC67 /* Base */,
			);
			name = LaunchScreen.storyboard;
			sourceTree = "<group>";
		};
/* End PBXVariantGroup section */

/* Begin XCBuildConfiguration section */
		837B4ECC258178BA003DFC67 /* Debug */ = {
			isa = XCBuildConfiguration;
			buildSettings = {
				ALWAYS_SEARCH_USER_PATHS = NO;
				CLANG_ANALYZER_NONNULL = YES;
				CLANG_ANALYZER_NUMBER_OBJECT_CONVERSION = YES_AGGRESSIVE;
				CLANG_CXX_LANGUAGE_STANDARD = "gnu++14";
				CLANG_CXX_LIBRARY = "libc++";
				CLANG_ENABLE_MODULES = YES;
				CLANG_ENABLE_OBJC_ARC = YES;
				CLANG_ENABLE_OBJC_WEAK = YES;
				CLANG_WARN_BLOCK_CAPTURE_AUTORELEASING = YES;
				CLANG_WARN_BOOL_CONVERSION = YES;
				CLANG_WARN_COMMA = YES;
				CLANG_WARN_CONSTANT_CONVERSION = YES;
				CLANG_WARN_DEPRECATED_OBJC_IMPLEMENTATIONS = YES;
				CLANG_WARN_DIRECT_OBJC_ISA_USAGE = YES_ERROR;
				CLANG_WARN_DOCUMENTATION_COMMENTS = YES;
				CLANG_WARN_EMPTY_BODY = YES;
				CLANG_WARN_ENUM_CONVERSION = YES;
				CLANG_WARN_INFINITE_RECURSION = YES;
				CLANG_WARN_INT_CONVERSION = YES;
				CLANG_WARN_NON_LITERAL_NULL_CONVERSION = YES;
				CLANG_WARN_OBJC_IMPLICIT_RETAIN_SELF = YES;
				CLANG_WARN_OBJC_LITERAL_CONVERSION = YES;
				CLANG_WARN_OBJC_ROOT_CLASS = YES_ERROR;
				CLANG_WARN_QUOTED_INCLUDE_IN_FRAMEWORK_HEADER = YES;
				CLANG_WARN_RANGE_LOOP_ANALYSIS = YES;
				CLANG_WARN_STRICT_PROTOTYPES = YES;
				CLANG_WARN_SUSPICIOUS_MOVE = YES;
				CLANG_WARN_UNGUARDED_AVAILABILITY = YES_AGGRESSIVE;
				CLANG_WARN_UNREACHABLE_CODE = YES;
				CLANG_WARN__DUPLICATE_METHOD_MATCH = YES;
				COPY_PHASE_STRIP = NO;
				DEBUG_INFORMATION_FORMAT = dwarf;
				ENABLE_STRICT_OBJC_MSGSEND = YES;
				ENABLE_TESTABILITY = YES;
				GCC_C_LANGUAGE_STANDARD = gnu11;
				GCC_DYNAMIC_NO_PIC = NO;
				GCC_NO_COMMON_BLOCKS = YES;
				GCC_OPTIMIZATION_LEVEL = 0;
				GCC_PREPROCESSOR_DEFINITIONS = (
					"DEBUG=1",
					"$(inherited)",
				);
				GCC_WARN_64_TO_32_BIT_CONVERSION = YES;
				GCC_WARN_ABOUT_RETURN_TYPE = YES_ERROR;
				GCC_WARN_UNDECLARED_SELECTOR = YES;
				GCC_WARN_UNINITIALIZED_AUTOS = YES_AGGRESSIVE;
				GCC_WARN_UNUSED_FUNCTION = YES;
				GCC_WARN_UNUSED_VARIABLE = YES;
				IPHONEOS_DEPLOYMENT_TARGET = 14.1;
				MTL_ENABLE_DEBUG_INFO = INCLUDE_SOURCE;
				MTL_FAST_MATH = YES;
				ONLY_ACTIVE_ARCH = YES;
				SDKROOT = iphoneos;
				SWIFT_ACTIVE_COMPILATION_CONDITIONS = DEBUG;
				SWIFT_OPTIMIZATION_LEVEL = "-Onone";
			};
			name = Debug;
		};
		837B4ECD258178BA003DFC67 /* Release */ = {
			isa = XCBuildConfiguration;
			buildSettings = {
				ALWAYS_SEARCH_USER_PATHS = NO;
				CLANG_ANALYZER_NONNULL = YES;
				CLANG_ANALYZER_NUMBER_OBJECT_CONVERSION = YES_AGGRESSIVE;
				CLANG_CXX_LANGUAGE_STANDARD = "gnu++14";
				CLANG_CXX_LIBRARY = "libc++";
				CLANG_ENABLE_MODULES = YES;
				CLANG_ENABLE_OBJC_ARC = YES;
				CLANG_ENABLE_OBJC_WEAK = YES;
				CLANG_WARN_BLOCK_CAPTURE_AUTORELEASING = YES;
				CLANG_WARN_BOOL_CONVERSION = YES;
				CLANG_WARN_COMMA = YES;
				CLANG_WARN_CONSTANT_CONVERSION = YES;
				CLANG_WARN_DEPRECATED_OBJC_IMPLEMENTATIONS = YES;
				CLANG_WARN_DIRECT_OBJC_ISA_USAGE = YES_ERROR;
				CLANG_WARN_DOCUMENTATION_COMMENTS = YES;
				CLANG_WARN_EMPTY_BODY = YES;
				CLANG_WARN_ENUM_CONVERSION = YES;
				CLANG_WARN_INFINITE_RECURSION = YES;
				CLANG_WARN_INT_CONVERSION = YES;
				CLANG_WARN_NON_LITERAL_NULL_CONVERSION = YES;
				CLANG_WARN_OBJC_IMPLICIT_RETAIN_SELF = YES;
				CLANG_WARN_OBJC_LITERAL_CONVERSION = YES;
				CLANG_WARN_OBJC_ROOT_CLASS = YES_ERROR;
				CLANG_WARN_QUOTED_INCLUDE_IN_FRAMEWORK_HEADER = YES;
				CLANG_WARN_RANGE_LOOP_ANALYSIS = YES;
				CLANG_WARN_STRICT_PROTOTYPES = YES;
				CLANG_WARN_SUSPICIOUS_MOVE = YES;
				CLANG_WARN_UNGUARDED_AVAILABILITY = YES_AGGRESSIVE;
				CLANG_WARN_UNREACHABLE_CODE = YES;
				CLANG_WARN__DUPLICATE_METHOD_MATCH = YES;
				COPY_PHASE_STRIP = NO;
				DEBUG_INFORMATION_FORMAT = "dwarf-with-dsym";
				ENABLE_NS_ASSERTIONS = NO;
				ENABLE_STRICT_OBJC_MSGSEND = YES;
				GCC_C_LANGUAGE_STANDARD = gnu11;
				GCC_NO_COMMON_BLOCKS = YES;
				GCC_WARN_64_TO_32_BIT_CONVERSION = YES;
				GCC_WARN_ABOUT_RETURN_TYPE = YES_ERROR;
				GCC_WARN_UNDECLARED_SELECTOR = YES;
				GCC_WARN_UNINITIALIZED_AUTOS = YES_AGGRESSIVE;
				GCC_WARN_UNUSED_FUNCTION = YES;
				GCC_WARN_UNUSED_VARIABLE = YES;
				IPHONEOS_DEPLOYMENT_TARGET = 14.1;
				MTL_ENABLE_DEBUG_INFO = NO;
				MTL_FAST_MATH = YES;
				SDKROOT = iphoneos;
				SWIFT_COMPILATION_MODE = wholemodule;
				SWIFT_OPTIMIZATION_LEVEL = "-O";
				VALIDATE_PRODUCT = YES;
			};
			name = Release;
		};
		837B4ECF258178BA003DFC67 /* Debug */ = {
			isa = XCBuildConfiguration;
			buildSettings = {
				ASSETCATALOG_COMPILER_APPICON_NAME = AppIcon;
				ASSETCATALOG_COMPILER_GLOBAL_ACCENT_COLOR_NAME = AccentColor;
				CODE_SIGN_STYLE = Automatic;
				DEVELOPMENT_TEAM = 24Q6J2H875;
				INFOPLIST_FILE = TheMovieDb/Info.plist;
				LD_RUNPATH_SEARCH_PATHS = (
					"$(inherited)",
					"@executable_path/Frameworks",
				);
				PRODUCT_BUNDLE_IDENTIFIER = com.apprenticeship.michaelConchado.wizeline.TheMovieDb;
				PRODUCT_NAME = "$(TARGET_NAME)";
				SWIFT_VERSION = 5.0;
				TARGETED_DEVICE_FAMILY = 1;
			};
			name = Debug;
		};
		837B4ED0258178BA003DFC67 /* Release */ = {
			isa = XCBuildConfiguration;
			buildSettings = {
				ASSETCATALOG_COMPILER_APPICON_NAME = AppIcon;
				ASSETCATALOG_COMPILER_GLOBAL_ACCENT_COLOR_NAME = AccentColor;
				CODE_SIGN_STYLE = Automatic;
				DEVELOPMENT_TEAM = 24Q6J2H875;
				INFOPLIST_FILE = TheMovieDb/Info.plist;
				LD_RUNPATH_SEARCH_PATHS = (
					"$(inherited)",
					"@executable_path/Frameworks",
				);
				PRODUCT_BUNDLE_IDENTIFIER = com.apprenticeship.michaelConchado.wizeline.TheMovieDb;
				PRODUCT_NAME = "$(TARGET_NAME)";
				SWIFT_VERSION = 5.0;
				TARGETED_DEVICE_FAMILY = 1;
			};
			name = Release;
		};
		837B4ED2258178BA003DFC67 /* Debug */ = {
			isa = XCBuildConfiguration;
			buildSettings = {
				ALWAYS_EMBED_SWIFT_STANDARD_LIBRARIES = YES;
				BUNDLE_LOADER = "$(TEST_HOST)";
				CODE_SIGN_STYLE = Automatic;
				INFOPLIST_FILE = TheMovieDbTests/Info.plist;
				IPHONEOS_DEPLOYMENT_TARGET = 14.1;
				LD_RUNPATH_SEARCH_PATHS = (
					"$(inherited)",
					"@executable_path/Frameworks",
					"@loader_path/Frameworks",
				);
				PRODUCT_BUNDLE_IDENTIFIER = com.apprenticeship.wizeline.TheMovieDbTests;
				PRODUCT_NAME = "$(TARGET_NAME)";
				SWIFT_VERSION = 5.0;
				TARGETED_DEVICE_FAMILY = "1,2";
				TEST_HOST = "$(BUILT_PRODUCTS_DIR)/TheMovieDb.app/TheMovieDb";
			};
			name = Debug;
		};
		837B4ED3258178BA003DFC67 /* Release */ = {
			isa = XCBuildConfiguration;
			buildSettings = {
				ALWAYS_EMBED_SWIFT_STANDARD_LIBRARIES = YES;
				BUNDLE_LOADER = "$(TEST_HOST)";
				CODE_SIGN_STYLE = Automatic;
				INFOPLIST_FILE = TheMovieDbTests/Info.plist;
				IPHONEOS_DEPLOYMENT_TARGET = 14.1;
				LD_RUNPATH_SEARCH_PATHS = (
					"$(inherited)",
					"@executable_path/Frameworks",
					"@loader_path/Frameworks",
				);
				PRODUCT_BUNDLE_IDENTIFIER = com.apprenticeship.wizeline.TheMovieDbTests;
				PRODUCT_NAME = "$(TARGET_NAME)";
				SWIFT_VERSION = 5.0;
				TARGETED_DEVICE_FAMILY = "1,2";
				TEST_HOST = "$(BUILT_PRODUCTS_DIR)/TheMovieDb.app/TheMovieDb";
			};
			name = Release;
		};
		837B4ED5258178BA003DFC67 /* Debug */ = {
			isa = XCBuildConfiguration;
			buildSettings = {
				ALWAYS_EMBED_SWIFT_STANDARD_LIBRARIES = YES;
				CODE_SIGN_STYLE = Automatic;
				INFOPLIST_FILE = TheMovieDbUITests/Info.plist;
				LD_RUNPATH_SEARCH_PATHS = (
					"$(inherited)",
					"@executable_path/Frameworks",
					"@loader_path/Frameworks",
				);
				PRODUCT_BUNDLE_IDENTIFIER = com.apprenticeship.wizeline.TheMovieDbUITests;
				PRODUCT_NAME = "$(TARGET_NAME)";
				SWIFT_VERSION = 5.0;
				TARGETED_DEVICE_FAMILY = "1,2";
				TEST_TARGET_NAME = TheMovieDb;
			};
			name = Debug;
		};
		837B4ED6258178BA003DFC67 /* Release */ = {
			isa = XCBuildConfiguration;
			buildSettings = {
				ALWAYS_EMBED_SWIFT_STANDARD_LIBRARIES = YES;
				CODE_SIGN_STYLE = Automatic;
				INFOPLIST_FILE = TheMovieDbUITests/Info.plist;
				LD_RUNPATH_SEARCH_PATHS = (
					"$(inherited)",
					"@executable_path/Frameworks",
					"@loader_path/Frameworks",
				);
				PRODUCT_BUNDLE_IDENTIFIER = com.apprenticeship.wizeline.TheMovieDbUITests;
				PRODUCT_NAME = "$(TARGET_NAME)";
				SWIFT_VERSION = 5.0;
				TARGETED_DEVICE_FAMILY = "1,2";
				TEST_TARGET_NAME = TheMovieDb;
			};
			name = Release;
		};
/* End XCBuildConfiguration section */

/* Begin XCConfigurationList section */
		837B4E9F258178B6003DFC67 /* Build configuration list for PBXProject "TheMovieDb" */ = {
			isa = XCConfigurationList;
			buildConfigurations = (
				837B4ECC258178BA003DFC67 /* Debug */,
				837B4ECD258178BA003DFC67 /* Release */,
			);
			defaultConfigurationIsVisible = 0;
			defaultConfigurationName = Release;
		};
		837B4ECE258178BA003DFC67 /* Build configuration list for PBXNativeTarget "TheMovieDb" */ = {
			isa = XCConfigurationList;
			buildConfigurations = (
				837B4ECF258178BA003DFC67 /* Debug */,
				837B4ED0258178BA003DFC67 /* Release */,
			);
			defaultConfigurationIsVisible = 0;
			defaultConfigurationName = Release;
		};
		837B4ED1258178BA003DFC67 /* Build configuration list for PBXNativeTarget "TheMovieDbTests" */ = {
			isa = XCConfigurationList;
			buildConfigurations = (
				837B4ED2258178BA003DFC67 /* Debug */,
				837B4ED3258178BA003DFC67 /* Release */,
			);
			defaultConfigurationIsVisible = 0;
			defaultConfigurationName = Release;
		};
		837B4ED4258178BA003DFC67 /* Build configuration list for PBXNativeTarget "TheMovieDbUITests" */ = {
			isa = XCConfigurationList;
			buildConfigurations = (
				837B4ED5258178BA003DFC67 /* Debug */,
				837B4ED6258178BA003DFC67 /* Release */,
			);
			defaultConfigurationIsVisible = 0;
			defaultConfigurationName = Release;
		};
/* End XCConfigurationList section */

/* Begin XCRemoteSwiftPackageReference section */
		D3232916274D68C00021404F /* XCRemoteSwiftPackageReference "SDWebImageSwiftUI" */ = {
			isa = XCRemoteSwiftPackageReference;
			repositoryURL = "https://github.com/SDWebImage/SDWebImageSwiftUI.git";
			requirement = {
				kind = upToNextMajorVersion;
				minimumVersion = 2.0.0;
			};
		};
		D3D123642730770000E164E1 /* XCRemoteSwiftPackageReference "Kingfisher" */ = {
			isa = XCRemoteSwiftPackageReference;
			repositoryURL = "https://github.com/onevcat/Kingfisher.git";
			requirement = {
				kind = upToNextMajorVersion;
				minimumVersion = 7.0.0;
			};
		};
/* End XCRemoteSwiftPackageReference section */

/* Begin XCSwiftPackageProductDependency section */
		D3232917274D68C00021404F /* SDWebImageSwiftUI */ = {
			isa = XCSwiftPackageProductDependency;
			package = D3232916274D68C00021404F /* XCRemoteSwiftPackageReference "SDWebImageSwiftUI" */;
			productName = SDWebImageSwiftUI;
		};
		D3D123652730770000E164E1 /* Kingfisher */ = {
			isa = XCSwiftPackageProductDependency;
			package = D3D123642730770000E164E1 /* XCRemoteSwiftPackageReference "Kingfisher" */;
			productName = Kingfisher;
		};
/* End XCSwiftPackageProductDependency section */
	};
	rootObject = 837B4E9C258178B6003DFC67 /* Project object */;
}
