// !$*UTF8*$!
{
	archiveVersion = 1;
	classes = {
	};
	objectVersion = 52;
	objects = {

/* Begin PBXBuildFile section */
		45A64D4D2728F2DC00159CE6 /* MainTabViewController.swift in Sources */ = {isa = PBXBuildFile; fileRef = 45A64D4C2728F2DC00159CE6 /* MainTabViewController.swift */; };
		45A64D512728F8DC00159CE6 /* HomeViewController.swift in Sources */ = {isa = PBXBuildFile; fileRef = 45A64D502728F8DC00159CE6 /* HomeViewController.swift */; };
		45A64D552728FA0400159CE6 /* SearchViewController.swift in Sources */ = {isa = PBXBuildFile; fileRef = 45A64D542728FA0400159CE6 /* SearchViewController.swift */; };
		45A64D592729017200159CE6 /* UITabViewControllerExtension.swift in Sources */ = {isa = PBXBuildFile; fileRef = 45A64D582729017200159CE6 /* UITabViewControllerExtension.swift */; };
		45BB7AA9272D8D0800DE07C3 /* HomeViewControllerExtension.swift in Sources */ = {isa = PBXBuildFile; fileRef = 45BB7AA8272D8D0800DE07C3 /* HomeViewControllerExtension.swift */; };
		45BB7AAB272D99AC00DE07C3 /* HomeHeader.swift in Sources */ = {isa = PBXBuildFile; fileRef = 45BB7AAA272D99AC00DE07C3 /* HomeHeader.swift */; };
		45BB7AAF272DAE3A00DE07C3 /* GroupSections.swift in Sources */ = {isa = PBXBuildFile; fileRef = 45BB7AAE272DAE3A00DE07C3 /* GroupSections.swift */; };
		45BB7AB1272DAFDE00DE07C3 /* HightSectionCell.swift in Sources */ = {isa = PBXBuildFile; fileRef = 45BB7AB0272DAFDE00DE07C3 /* HightSectionCell.swift */; };
		45BB7AB3272DB24900DE07C3 /* UIViewExtensions.swift in Sources */ = {isa = PBXBuildFile; fileRef = 45BB7AB2272DB24900DE07C3 /* UIViewExtensions.swift */; };
		45BB7AB5272DB5AD00DE07C3 /* MovieConst.swift in Sources */ = {isa = PBXBuildFile; fileRef = 45BB7AB4272DB5AD00DE07C3 /* MovieConst.swift */; };
		45BB7AB7272DB7DC00DE07C3 /* DefaultSecctionCell.swift in Sources */ = {isa = PBXBuildFile; fileRef = 45BB7AB6272DB7DC00DE07C3 /* DefaultSecctionCell.swift */; };
		45BB7AB9272DBF9900DE07C3 /* MovieCellProtocol.swift in Sources */ = {isa = PBXBuildFile; fileRef = 45BB7AB8272DBF9900DE07C3 /* MovieCellProtocol.swift */; };
		45BB7ABB272DDAFE00DE07C3 /* TopRatedSectionCell.swift.swift in Sources */ = {isa = PBXBuildFile; fileRef = 45BB7ABA272DDAFE00DE07C3 /* TopRatedSectionCell.swift.swift */; };
		45BB7AC0272DF85F00DE07C3 /* MovieDummy.swift in Sources */ = {isa = PBXBuildFile; fileRef = 45BB7ABF272DF85F00DE07C3 /* MovieDummy.swift */; };
		45BB7AC6272E50BD00DE07C3 /* Kingfisher in Frameworks */ = {isa = PBXBuildFile; productRef = 45BB7AC5272E50BD00DE07C3 /* Kingfisher */; };
		45BB7ACB272E67A300DE07C3 /* DetailViewController.swift.swift in Sources */ = {isa = PBXBuildFile; fileRef = 45BB7ACA272E67A300DE07C3 /* DetailViewController.swift.swift */; };
		45D2B4DE272EFD5A0065DC0D /* DetailHeaderView.swift in Sources */ = {isa = PBXBuildFile; fileRef = 45D2B4DD272EFD5A0065DC0D /* DetailHeaderView.swift */; };
		45D2B4E0272EFFB10065DC0D /* BackgroundImageView.swift in Sources */ = {isa = PBXBuildFile; fileRef = 45D2B4DF272EFFB10065DC0D /* BackgroundImageView.swift */; };
		45D2B4E2272F1C750065DC0D /* TagLabel.swift.swift in Sources */ = {isa = PBXBuildFile; fileRef = 45D2B4E1272F1C740065DC0D /* TagLabel.swift.swift */; };
		45D2B4E5272F236C0065DC0D /* MovieSection.swift.swift in Sources */ = {isa = PBXBuildFile; fileRef = 45D2B4E4272F236C0065DC0D /* MovieSection.swift.swift */; };
		45D2B4E7272F34ED0065DC0D /* DetailHeader.swift in Sources */ = {isa = PBXBuildFile; fileRef = 45D2B4E6272F34ED0065DC0D /* DetailHeader.swift */; };
		45D2B4EB272F49160065DC0D /* ReviewsCollectionViewController.swift in Sources */ = {isa = PBXBuildFile; fileRef = 45D2B4EA272F49160065DC0D /* ReviewsCollectionViewController.swift */; };
		45D2B4EE272F4CAE0065DC0D /* ReviewCell.swift in Sources */ = {isa = PBXBuildFile; fileRef = 45D2B4ED272F4CAE0065DC0D /* ReviewCell.swift */; };
		45D2B4F0272F51F80065DC0D /* ReviewDescriptionViewController.swift in Sources */ = {isa = PBXBuildFile; fileRef = 45D2B4EF272F51F80065DC0D /* ReviewDescriptionViewController.swift */; };
		837B4EA8258178B6003DFC67 /* AppDelegate.swift in Sources */ = {isa = PBXBuildFile; fileRef = 837B4EA7258178B6003DFC67 /* AppDelegate.swift */; };
		837B4EAA258178B6003DFC67 /* SceneDelegate.swift in Sources */ = {isa = PBXBuildFile; fileRef = 837B4EA9258178B6003DFC67 /* SceneDelegate.swift */; };
		837B4EAC258178B6003DFC67 /* ViewController.swift in Sources */ = {isa = PBXBuildFile; fileRef = 837B4EAB258178B6003DFC67 /* ViewController.swift */; };
		837B4EB1258178B9003DFC67 /* Assets.xcassets in Resources */ = {isa = PBXBuildFile; fileRef = 837B4EB0258178B9003DFC67 /* Assets.xcassets */; };
		837B4EBF258178BA003DFC67 /* TheMovieDbTests.swift in Sources */ = {isa = PBXBuildFile; fileRef = 837B4EBE258178BA003DFC67 /* TheMovieDbTests.swift */; };
		837B4ECA258178BA003DFC67 /* TheMovieDbUITests.swift in Sources */ = {isa = PBXBuildFile; fileRef = 837B4EC9258178BA003DFC67 /* TheMovieDbUITests.swift */; };
/* End PBXBuildFile section */

/* Begin PBXContainerItemProxy section */
		837B4EBB258178BA003DFC67 /* PBXContainerItemProxy */ = {
			isa = PBXContainerItemProxy;
			containerPortal = 837B4E9C258178B6003DFC67 /* Project object */;
			proxyType = 1;
			remoteGlobalIDString = 837B4EA3258178B6003DFC67;
			remoteInfo = TheMovieDb;
		};
		837B4EC6258178BA003DFC67 /* PBXContainerItemProxy */ = {
			isa = PBXContainerItemProxy;
			containerPortal = 837B4E9C258178B6003DFC67 /* Project object */;
			proxyType = 1;
			remoteGlobalIDString = 837B4EA3258178B6003DFC67;
			remoteInfo = TheMovieDb;
		};
/* End PBXContainerItemProxy section */

/* Begin PBXFileReference section */
		45A64D4C2728F2DC00159CE6 /* MainTabViewController.swift */ = {isa = PBXFileReference; lastKnownFileType = sourcecode.swift; path = MainTabViewController.swift; sourceTree = "<group>"; };
		45A64D502728F8DC00159CE6 /* HomeViewController.swift */ = {isa = PBXFileReference; lastKnownFileType = sourcecode.swift; path = HomeViewController.swift; sourceTree = "<group>"; };
		45A64D542728FA0400159CE6 /* SearchViewController.swift */ = {isa = PBXFileReference; lastKnownFileType = sourcecode.swift; path = SearchViewController.swift; sourceTree = "<group>"; };
		45A64D582729017200159CE6 /* UITabViewControllerExtension.swift */ = {isa = PBXFileReference; lastKnownFileType = sourcecode.swift; path = UITabViewControllerExtension.swift; sourceTree = "<group>"; };
		45BB7AA8272D8D0800DE07C3 /* HomeViewControllerExtension.swift */ = {isa = PBXFileReference; lastKnownFileType = sourcecode.swift; path = HomeViewControllerExtension.swift; sourceTree = "<group>"; };
		45BB7AAA272D99AC00DE07C3 /* HomeHeader.swift */ = {isa = PBXFileReference; lastKnownFileType = sourcecode.swift; path = HomeHeader.swift; sourceTree = "<group>"; };
		45BB7AAE272DAE3A00DE07C3 /* GroupSections.swift */ = {isa = PBXFileReference; lastKnownFileType = sourcecode.swift; path = GroupSections.swift; sourceTree = "<group>"; };
		45BB7AB0272DAFDE00DE07C3 /* HightSectionCell.swift */ = {isa = PBXFileReference; lastKnownFileType = sourcecode.swift; path = HightSectionCell.swift; sourceTree = "<group>"; };
		45BB7AB2272DB24900DE07C3 /* UIViewExtensions.swift */ = {isa = PBXFileReference; lastKnownFileType = sourcecode.swift; path = UIViewExtensions.swift; sourceTree = "<group>"; };
		45BB7AB4272DB5AD00DE07C3 /* MovieConst.swift */ = {isa = PBXFileReference; lastKnownFileType = sourcecode.swift; path = MovieConst.swift; sourceTree = "<group>"; };
		45BB7AB6272DB7DC00DE07C3 /* DefaultSecctionCell.swift */ = {isa = PBXFileReference; lastKnownFileType = sourcecode.swift; path = DefaultSecctionCell.swift; sourceTree = "<group>"; };
		45BB7AB8272DBF9900DE07C3 /* MovieCellProtocol.swift */ = {isa = PBXFileReference; lastKnownFileType = sourcecode.swift; path = MovieCellProtocol.swift; sourceTree = "<group>"; };
		45BB7ABA272DDAFE00DE07C3 /* TopRatedSectionCell.swift.swift */ = {isa = PBXFileReference; lastKnownFileType = sourcecode.swift; path = TopRatedSectionCell.swift.swift; sourceTree = "<group>"; };
		45BB7ABF272DF85F00DE07C3 /* MovieDummy.swift */ = {isa = PBXFileReference; lastKnownFileType = sourcecode.swift; path = MovieDummy.swift; sourceTree = "<group>"; };
		45BB7ACA272E67A300DE07C3 /* DetailViewController.swift.swift */ = {isa = PBXFileReference; lastKnownFileType = sourcecode.swift; path = DetailViewController.swift.swift; sourceTree = "<group>"; };
		45D2B4DD272EFD5A0065DC0D /* DetailHeaderView.swift */ = {isa = PBXFileReference; lastKnownFileType = sourcecode.swift; path = DetailHeaderView.swift; sourceTree = "<group>"; };
		45D2B4DF272EFFB10065DC0D /* BackgroundImageView.swift */ = {isa = PBXFileReference; lastKnownFileType = sourcecode.swift; path = BackgroundImageView.swift; sourceTree = "<group>"; };
		45D2B4E1272F1C740065DC0D /* TagLabel.swift.swift */ = {isa = PBXFileReference; lastKnownFileType = sourcecode.swift; path = TagLabel.swift.swift; sourceTree = "<group>"; };
		45D2B4E4272F236C0065DC0D /* MovieSection.swift.swift */ = {isa = PBXFileReference; lastKnownFileType = sourcecode.swift; path = MovieSection.swift.swift; sourceTree = "<group>"; };
		45D2B4E6272F34ED0065DC0D /* DetailHeader.swift */ = {isa = PBXFileReference; lastKnownFileType = sourcecode.swift; path = DetailHeader.swift; sourceTree = "<group>"; };
		45D2B4EA272F49160065DC0D /* ReviewsCollectionViewController.swift */ = {isa = PBXFileReference; lastKnownFileType = sourcecode.swift; path = ReviewsCollectionViewController.swift; sourceTree = "<group>"; };
		45D2B4ED272F4CAE0065DC0D /* ReviewCell.swift */ = {isa = PBXFileReference; lastKnownFileType = sourcecode.swift; path = ReviewCell.swift; sourceTree = "<group>"; };
		45D2B4EF272F51F80065DC0D /* ReviewDescriptionViewController.swift */ = {isa = PBXFileReference; lastKnownFileType = sourcecode.swift; path = ReviewDescriptionViewController.swift; sourceTree = "<group>"; };
		837B4EA4258178B6003DFC67 /* TheMovieDb.app */ = {isa = PBXFileReference; explicitFileType = wrapper.application; includeInIndex = 0; path = TheMovieDb.app; sourceTree = BUILT_PRODUCTS_DIR; };
		837B4EA7258178B6003DFC67 /* AppDelegate.swift */ = {isa = PBXFileReference; lastKnownFileType = sourcecode.swift; path = AppDelegate.swift; sourceTree = "<group>"; };
		837B4EA9258178B6003DFC67 /* SceneDelegate.swift */ = {isa = PBXFileReference; lastKnownFileType = sourcecode.swift; path = SceneDelegate.swift; sourceTree = "<group>"; };
		837B4EAB258178B6003DFC67 /* ViewController.swift */ = {isa = PBXFileReference; lastKnownFileType = sourcecode.swift; path = ViewController.swift; sourceTree = "<group>"; };
		837B4EB0258178B9003DFC67 /* Assets.xcassets */ = {isa = PBXFileReference; lastKnownFileType = folder.assetcatalog; path = Assets.xcassets; sourceTree = "<group>"; };
		837B4EB5258178B9003DFC67 /* Info.plist */ = {isa = PBXFileReference; lastKnownFileType = text.plist.xml; path = Info.plist; sourceTree = "<group>"; };
		837B4EBA258178BA003DFC67 /* TheMovieDbTests.xctest */ = {isa = PBXFileReference; explicitFileType = wrapper.cfbundle; includeInIndex = 0; path = TheMovieDbTests.xctest; sourceTree = BUILT_PRODUCTS_DIR; };
		837B4EBE258178BA003DFC67 /* TheMovieDbTests.swift */ = {isa = PBXFileReference; lastKnownFileType = sourcecode.swift; path = TheMovieDbTests.swift; sourceTree = "<group>"; };
		837B4EC0258178BA003DFC67 /* Info.plist */ = {isa = PBXFileReference; lastKnownFileType = text.plist.xml; path = Info.plist; sourceTree = "<group>"; };
		837B4EC5258178BA003DFC67 /* TheMovieDbUITests.xctest */ = {isa = PBXFileReference; explicitFileType = wrapper.cfbundle; includeInIndex = 0; path = TheMovieDbUITests.xctest; sourceTree = BUILT_PRODUCTS_DIR; };
		837B4EC9258178BA003DFC67 /* TheMovieDbUITests.swift */ = {isa = PBXFileReference; lastKnownFileType = sourcecode.swift; path = TheMovieDbUITests.swift; sourceTree = "<group>"; };
		837B4ECB258178BA003DFC67 /* Info.plist */ = {isa = PBXFileReference; lastKnownFileType = text.plist.xml; path = Info.plist; sourceTree = "<group>"; };
/* End PBXFileReference section */

/* Begin PBXFrameworksBuildPhase section */
		837B4EA1258178B6003DFC67 /* Frameworks */ = {
			isa = PBXFrameworksBuildPhase;
			buildActionMask = 2147483647;
			files = (
				45BB7AC6272E50BD00DE07C3 /* Kingfisher in Frameworks */,
			);
			runOnlyForDeploymentPostprocessing = 0;
		};
		837B4EB7258178BA003DFC67 /* Frameworks */ = {
			isa = PBXFrameworksBuildPhase;
			buildActionMask = 2147483647;
			files = (
			);
			runOnlyForDeploymentPostprocessing = 0;
		};
		837B4EC2258178BA003DFC67 /* Frameworks */ = {
			isa = PBXFrameworksBuildPhase;
			buildActionMask = 2147483647;
			files = (
			);
			runOnlyForDeploymentPostprocessing = 0;
		};
/* End PBXFrameworksBuildPhase section */

/* Begin PBXGroup section */
		45A64D452728ECB000159CE6 /* System */ = {
			isa = PBXGroup;
			children = (
				837B4EA7258178B6003DFC67 /* AppDelegate.swift */,
				837B4EA9258178B6003DFC67 /* SceneDelegate.swift */,
				837B4EAB258178B6003DFC67 /* ViewController.swift */,
				837B4EB5258178B9003DFC67 /* Info.plist */,
			);
			path = System;
			sourceTree = "<group>";
		};
		45A64D462728ECB600159CE6 /* Resources */ = {
			isa = PBXGroup;
			children = (
				837B4EB0258178B9003DFC67 /* Assets.xcassets */,
			);
			path = Resources;
			sourceTree = "<group>";
		};
		45A64D472728ECDD00159CE6 /* Views */ = {
			isa = PBXGroup;
			children = (
				45D2B4DF272EFFB10065DC0D /* BackgroundImageView.swift */,
				45D2B4E1272F1C740065DC0D /* TagLabel.swift.swift */,
			);
			path = Views;
			sourceTree = "<group>";
		};
		45A64D482728F23900159CE6 /* Home */ = {
			isa = PBXGroup;
			children = (
				45BB7AAD272DAE2400DE07C3 /* Utils */,
				45BB7AAC272DA27E00DE07C3 /* Extensions */,
				45A64D4F2728F2F800159CE6 /* View */,
				45A64D4E2728F2EB00159CE6 /* Contoller */,
			);
			path = Home;
			sourceTree = "<group>";
		};
		45A64D492728F28600159CE6 /* Search */ = {
			isa = PBXGroup;
			children = (
				45A64D532728F9EB00159CE6 /* Controller */,
				45A64D522728F9E300159CE6 /* View */,
			);
			path = Search;
			sourceTree = "<group>";
		};
		45A64D4E2728F2EB00159CE6 /* Contoller */ = {
			isa = PBXGroup;
			children = (
				45A64D4C2728F2DC00159CE6 /* MainTabViewController.swift */,
				45A64D502728F8DC00159CE6 /* HomeViewController.swift */,
			);
			path = Contoller;
			sourceTree = "<group>";
		};
		45A64D4F2728F2F800159CE6 /* View */ = {
			isa = PBXGroup;
			children = (
				45BB7AAA272D99AC00DE07C3 /* HomeHeader.swift */,
				45BB7AB0272DAFDE00DE07C3 /* HightSectionCell.swift */,
				45BB7AB6272DB7DC00DE07C3 /* DefaultSecctionCell.swift */,
				45BB7ABA272DDAFE00DE07C3 /* TopRatedSectionCell.swift.swift */,
			);
			path = View;
			sourceTree = "<group>";
		};
		45A64D522728F9E300159CE6 /* View */ = {
			isa = PBXGroup;
			children = (
			);
			path = View;
			sourceTree = "<group>";
		};
		45A64D532728F9EB00159CE6 /* Controller */ = {
			isa = PBXGroup;
			children = (
				45A64D542728FA0400159CE6 /* SearchViewController.swift */,
			);
			path = Controller;
			sourceTree = "<group>";
		};
		45A64D56272900E600159CE6 /* Extensions */ = {
			isa = PBXGroup;
			children = (
				45A64D582729017200159CE6 /* UITabViewControllerExtension.swift */,
				45BB7AB2272DB24900DE07C3 /* UIViewExtensions.swift */,
			);
			path = Extensions;
			sourceTree = "<group>";
		};
		45A64D572729012800159CE6 /* Utils */ = {
			isa = PBXGroup;
			children = (
				45BB7AA8272D8D0800DE07C3 /* HomeViewControllerExtension.swift */,
				45A64D56272900E600159CE6 /* Extensions */,
				45BB7AB4272DB5AD00DE07C3 /* MovieConst.swift */,
			);
			path = Utils;
			sourceTree = "<group>";
		};
		45BB7AAC272DA27E00DE07C3 /* Extensions */ = {
			isa = PBXGroup;
			children = (
			);
			path = Extensions;
			sourceTree = "<group>";
		};
		45BB7AAD272DAE2400DE07C3 /* Utils */ = {
			isa = PBXGroup;
			children = (
				45BB7ABF272DF85F00DE07C3 /* MovieDummy.swift */,
				45BB7AAE272DAE3A00DE07C3 /* GroupSections.swift */,
				45BB7AB8272DBF9900DE07C3 /* MovieCellProtocol.swift */,
			);
			path = Utils;
			sourceTree = "<group>";
		};
		45BB7AC7272E673400DE07C3 /* MovieDetail */ = {
			isa = PBXGroup;
			children = (
				45D2B4E3272F233F0065DC0D /* Utils */,
				45BB7AC9272E678400DE07C3 /* Controller */,
				45BB7AC8272E677600DE07C3 /* View */,
			);
			path = MovieDetail;
			sourceTree = "<group>";
		};
		45BB7AC8272E677600DE07C3 /* View */ = {
			isa = PBXGroup;
			children = (
				45D2B4DD272EFD5A0065DC0D /* DetailHeaderView.swift */,
				45D2B4E6272F34ED0065DC0D /* DetailHeader.swift */,
			);
			path = View;
			sourceTree = "<group>";
		};
		45BB7AC9272E678400DE07C3 /* Controller */ = {
			isa = PBXGroup;
			children = (
				45BB7ACA272E67A300DE07C3 /* DetailViewController.swift.swift */,
			);
			path = Controller;
			sourceTree = "<group>";
		};
		45D2B4E3272F233F0065DC0D /* Utils */ = {
			isa = PBXGroup;
			children = (
				45D2B4E4272F236C0065DC0D /* MovieSection.swift.swift */,
			);
			path = Utils;
			sourceTree = "<group>";
		};
		45D2B4E8272F48E80065DC0D /* Reviews */ = {
			isa = PBXGroup;
			children = (
				45D2B4EC272F4C9A0065DC0D /* View */,
				45D2B4E9272F48FA0065DC0D /* Controller */,
			);
			path = Reviews;
			sourceTree = "<group>";
		};
		45D2B4E9272F48FA0065DC0D /* Controller */ = {
			isa = PBXGroup;
			children = (
				45D2B4EA272F49160065DC0D /* ReviewsCollectionViewController.swift */,
				45D2B4EF272F51F80065DC0D /* ReviewDescriptionViewController.swift */,
			);
			path = Controller;
			sourceTree = "<group>";
		};
		45D2B4EC272F4C9A0065DC0D /* View */ = {
			isa = PBXGroup;
			children = (
				45D2B4ED272F4CAE0065DC0D /* ReviewCell.swift */,
			);
			path = View;
			sourceTree = "<group>";
		};
		837B4E9B258178B6003DFC67 = {
			isa = PBXGroup;
			children = (
				837B4EA6258178B6003DFC67 /* TheMovieDb */,
				837B4EBD258178BA003DFC67 /* TheMovieDbTests */,
				837B4EC8258178BA003DFC67 /* TheMovieDbUITests */,
				837B4EA5258178B6003DFC67 /* Products */,
			);
			sourceTree = "<group>";
		};
		837B4EA5258178B6003DFC67 /* Products */ = {
			isa = PBXGroup;
			children = (
				837B4EA4258178B6003DFC67 /* TheMovieDb.app */,
				837B4EBA258178BA003DFC67 /* TheMovieDbTests.xctest */,
				837B4EC5258178BA003DFC67 /* TheMovieDbUITests.xctest */,
			);
			name = Products;
			sourceTree = "<group>";
		};
		837B4EA6258178B6003DFC67 /* TheMovieDb */ = {
			isa = PBXGroup;
			children = (
				45A64D572729012800159CE6 /* Utils */,
				45A64D492728F28600159CE6 /* Search */,
				45A64D482728F23900159CE6 /* Home */,
				45BB7AC7272E673400DE07C3 /* MovieDetail */,
				45D2B4E8272F48E80065DC0D /* Reviews */,
				45A64D472728ECDD00159CE6 /* Views */,
				45A64D462728ECB600159CE6 /* Resources */,
				45A64D452728ECB000159CE6 /* System */,
			);
			path = TheMovieDb;
			sourceTree = "<group>";
		};
		837B4EBD258178BA003DFC67 /* TheMovieDbTests */ = {
			isa = PBXGroup;
			children = (
				837B4EBE258178BA003DFC67 /* TheMovieDbTests.swift */,
				837B4EC0258178BA003DFC67 /* Info.plist */,
			);
			path = TheMovieDbTests;
			sourceTree = "<group>";
		};
		837B4EC8258178BA003DFC67 /* TheMovieDbUITests */ = {
			isa = PBXGroup;
			children = (
				837B4EC9258178BA003DFC67 /* TheMovieDbUITests.swift */,
				837B4ECB258178BA003DFC67 /* Info.plist */,
			);
			path = TheMovieDbUITests;
			sourceTree = "<group>";
		};
/* End PBXGroup section */

/* Begin PBXNativeTarget section */
		837B4EA3258178B6003DFC67 /* TheMovieDb */ = {
			isa = PBXNativeTarget;
			buildConfigurationList = 837B4ECE258178BA003DFC67 /* Build configuration list for PBXNativeTarget "TheMovieDb" */;
			buildPhases = (
				837B4EA0258178B6003DFC67 /* Sources */,
				837B4EA1258178B6003DFC67 /* Frameworks */,
				837B4EA2258178B6003DFC67 /* Resources */,
				45A64D432728E58F00159CE6 /* Swiftlint */,
			);
			buildRules = (
			);
			dependencies = (
			);
			name = TheMovieDb;
			packageProductDependencies = (
				45BB7AC5272E50BD00DE07C3 /* Kingfisher */,
			);
			productName = TheMovieDb;
			productReference = 837B4EA4258178B6003DFC67 /* TheMovieDb.app */;
			productType = "com.apple.product-type.application";
		};
		837B4EB9258178BA003DFC67 /* TheMovieDbTests */ = {
			isa = PBXNativeTarget;
			buildConfigurationList = 837B4ED1258178BA003DFC67 /* Build configuration list for PBXNativeTarget "TheMovieDbTests" */;
			buildPhases = (
				837B4EB6258178BA003DFC67 /* Sources */,
				837B4EB7258178BA003DFC67 /* Frameworks */,
				837B4EB8258178BA003DFC67 /* Resources */,
			);
			buildRules = (
			);
			dependencies = (
				837B4EBC258178BA003DFC67 /* PBXTargetDependency */,
			);
			name = TheMovieDbTests;
			productName = TheMovieDbTests;
			productReference = 837B4EBA258178BA003DFC67 /* TheMovieDbTests.xctest */;
			productType = "com.apple.product-type.bundle.unit-test";
		};
		837B4EC4258178BA003DFC67 /* TheMovieDbUITests */ = {
			isa = PBXNativeTarget;
			buildConfigurationList = 837B4ED4258178BA003DFC67 /* Build configuration list for PBXNativeTarget "TheMovieDbUITests" */;
			buildPhases = (
				837B4EC1258178BA003DFC67 /* Sources */,
				837B4EC2258178BA003DFC67 /* Frameworks */,
				837B4EC3258178BA003DFC67 /* Resources */,
			);
			buildRules = (
			);
			dependencies = (
				837B4EC7258178BA003DFC67 /* PBXTargetDependency */,
			);
			name = TheMovieDbUITests;
			productName = TheMovieDbUITests;
			productReference = 837B4EC5258178BA003DFC67 /* TheMovieDbUITests.xctest */;
			productType = "com.apple.product-type.bundle.ui-testing";
		};
/* End PBXNativeTarget section */

/* Begin PBXProject section */
		837B4E9C258178B6003DFC67 /* Project object */ = {
			isa = PBXProject;
			attributes = {
				LastSwiftUpdateCheck = 1210;
				LastUpgradeCheck = 1210;
				TargetAttributes = {
					837B4EA3258178B6003DFC67 = {
						CreatedOnToolsVersion = 12.1;
					};
					837B4EB9258178BA003DFC67 = {
						CreatedOnToolsVersion = 12.1;
						TestTargetID = 837B4EA3258178B6003DFC67;
					};
					837B4EC4258178BA003DFC67 = {
						CreatedOnToolsVersion = 12.1;
						TestTargetID = 837B4EA3258178B6003DFC67;
					};
				};
			};
			buildConfigurationList = 837B4E9F258178B6003DFC67 /* Build configuration list for PBXProject "TheMovieDb" */;
			compatibilityVersion = "Xcode 9.3";
			developmentRegion = en;
			hasScannedForEncodings = 0;
			knownRegions = (
				en,
				Base,
			);
			mainGroup = 837B4E9B258178B6003DFC67;
			packageReferences = (
				45BB7AC4272E50BD00DE07C3 /* XCRemoteSwiftPackageReference "Kingfisher" */,
			);
			productRefGroup = 837B4EA5258178B6003DFC67 /* Products */;
			projectDirPath = "";
			projectRoot = "";
			targets = (
				837B4EA3258178B6003DFC67 /* TheMovieDb */,
				837B4EB9258178BA003DFC67 /* TheMovieDbTests */,
				837B4EC4258178BA003DFC67 /* TheMovieDbUITests */,
			);
		};
/* End PBXProject section */

/* Begin PBXResourcesBuildPhase section */
		837B4EA2258178B6003DFC67 /* Resources */ = {
			isa = PBXResourcesBuildPhase;
			buildActionMask = 2147483647;
			files = (
				837B4EB1258178B9003DFC67 /* Assets.xcassets in Resources */,
			);
			runOnlyForDeploymentPostprocessing = 0;
		};
		837B4EB8258178BA003DFC67 /* Resources */ = {
			isa = PBXResourcesBuildPhase;
			buildActionMask = 2147483647;
			files = (
			);
			runOnlyForDeploymentPostprocessing = 0;
		};
		837B4EC3258178BA003DFC67 /* Resources */ = {
			isa = PBXResourcesBuildPhase;
			buildActionMask = 2147483647;
			files = (
			);
			runOnlyForDeploymentPostprocessing = 0;
		};
/* End PBXResourcesBuildPhase section */

/* Begin PBXShellScriptBuildPhase section */
		45A64D432728E58F00159CE6 /* Swiftlint */ = {
			isa = PBXShellScriptBuildPhase;
			buildActionMask = 2147483647;
			files = (
			);
			inputFileListPaths = (
			);
			inputPaths = (
			);
			name = Swiftlint;
			outputFileListPaths = (
			);
			outputPaths = (
			);
			runOnlyForDeploymentPostprocessing = 0;
			shellPath = /bin/sh;
			shellScript = "\nif which swiftlint >/dev/null; then\n  swiftlint\nelse\n  echo \"warning: SwiftLint not installed, download from https://github.com/realm/SwiftLint\"\nfi\n";
		};
/* End PBXShellScriptBuildPhase section */

/* Begin PBXSourcesBuildPhase section */
		837B4EA0258178B6003DFC67 /* Sources */ = {
			isa = PBXSourcesBuildPhase;
			buildActionMask = 2147483647;
			files = (
				45BB7AAB272D99AC00DE07C3 /* HomeHeader.swift in Sources */,
				45D2B4EE272F4CAE0065DC0D /* ReviewCell.swift in Sources */,
				45D2B4E7272F34ED0065DC0D /* DetailHeader.swift in Sources */,
				45BB7AB7272DB7DC00DE07C3 /* DefaultSecctionCell.swift in Sources */,
				45A64D552728FA0400159CE6 /* SearchViewController.swift in Sources */,
				45A64D512728F8DC00159CE6 /* HomeViewController.swift in Sources */,
				45BB7AA9272D8D0800DE07C3 /* HomeViewControllerExtension.swift in Sources */,
				45D2B4E5272F236C0065DC0D /* MovieSection.swift.swift in Sources */,
				837B4EAC258178B6003DFC67 /* ViewController.swift in Sources */,
				837B4EA8258178B6003DFC67 /* AppDelegate.swift in Sources */,
				45A64D592729017200159CE6 /* UITabViewControllerExtension.swift in Sources */,
				45BB7ABB272DDAFE00DE07C3 /* TopRatedSectionCell.swift.swift in Sources */,
				45D2B4DE272EFD5A0065DC0D /* DetailHeaderView.swift in Sources */,
				45D2B4E0272EFFB10065DC0D /* BackgroundImageView.swift in Sources */,
				45BB7AAF272DAE3A00DE07C3 /* GroupSections.swift in Sources */,
				45D2B4E2272F1C750065DC0D /* TagLabel.swift.swift in Sources */,
				45BB7AC0272DF85F00DE07C3 /* MovieDummy.swift in Sources */,
				45BB7AB1272DAFDE00DE07C3 /* HightSectionCell.swift in Sources */,
				837B4EAA258178B6003DFC67 /* SceneDelegate.swift in Sources */,
				45BB7AB3272DB24900DE07C3 /* UIViewExtensions.swift in Sources */,
				45BB7AB9272DBF9900DE07C3 /* MovieCellProtocol.swift in Sources */,
				45D2B4F0272F51F80065DC0D /* ReviewDescriptionViewController.swift in Sources */,
				45A64D4D2728F2DC00159CE6 /* MainTabViewController.swift in Sources */,
				45BB7ACB272E67A300DE07C3 /* DetailViewController.swift.swift in Sources */,
				45D2B4EB272F49160065DC0D /* ReviewsCollectionViewController.swift in Sources */,
				45BB7AB5272DB5AD00DE07C3 /* MovieConst.swift in Sources */,
			);
			runOnlyForDeploymentPostprocessing = 0;
		};
		837B4EB6258178BA003DFC67 /* Sources */ = {
			isa = PBXSourcesBuildPhase;
			buildActionMask = 2147483647;
			files = (
				837B4EBF258178BA003DFC67 /* TheMovieDbTests.swift in Sources */,
			);
			runOnlyForDeploymentPostprocessing = 0;
		};
		837B4EC1258178BA003DFC67 /* Sources */ = {
			isa = PBXSourcesBuildPhase;
			buildActionMask = 2147483647;
			files = (
				837B4ECA258178BA003DFC67 /* TheMovieDbUITests.swift in Sources */,
			);
			runOnlyForDeploymentPostprocessing = 0;
		};
/* End PBXSourcesBuildPhase section */

/* Begin PBXTargetDependency section */
		837B4EBC258178BA003DFC67 /* PBXTargetDependency */ = {
			isa = PBXTargetDependency;
			target = 837B4EA3258178B6003DFC67 /* TheMovieDb */;
			targetProxy = 837B4EBB258178BA003DFC67 /* PBXContainerItemProxy */;
		};
		837B4EC7258178BA003DFC67 /* PBXTargetDependency */ = {
			isa = PBXTargetDependency;
			target = 837B4EA3258178B6003DFC67 /* TheMovieDb */;
			targetProxy = 837B4EC6258178BA003DFC67 /* PBXContainerItemProxy */;
		};
/* End PBXTargetDependency section */

/* Begin XCBuildConfiguration section */
		837B4ECC258178BA003DFC67 /* Debug */ = {
			isa = XCBuildConfiguration;
			buildSettings = {
				ALWAYS_SEARCH_USER_PATHS = NO;
				CLANG_ANALYZER_NONNULL = YES;
				CLANG_ANALYZER_NUMBER_OBJECT_CONVERSION = YES_AGGRESSIVE;
				CLANG_CXX_LANGUAGE_STANDARD = "gnu++14";
				CLANG_CXX_LIBRARY = "libc++";
				CLANG_ENABLE_MODULES = YES;
				CLANG_ENABLE_OBJC_ARC = YES;
				CLANG_ENABLE_OBJC_WEAK = YES;
				CLANG_WARN_BLOCK_CAPTURE_AUTORELEASING = YES;
				CLANG_WARN_BOOL_CONVERSION = YES;
				CLANG_WARN_COMMA = YES;
				CLANG_WARN_CONSTANT_CONVERSION = YES;
				CLANG_WARN_DEPRECATED_OBJC_IMPLEMENTATIONS = YES;
				CLANG_WARN_DIRECT_OBJC_ISA_USAGE = YES_ERROR;
				CLANG_WARN_DOCUMENTATION_COMMENTS = YES;
				CLANG_WARN_EMPTY_BODY = YES;
				CLANG_WARN_ENUM_CONVERSION = YES;
				CLANG_WARN_INFINITE_RECURSION = YES;
				CLANG_WARN_INT_CONVERSION = YES;
				CLANG_WARN_NON_LITERAL_NULL_CONVERSION = YES;
				CLANG_WARN_OBJC_IMPLICIT_RETAIN_SELF = YES;
				CLANG_WARN_OBJC_LITERAL_CONVERSION = YES;
				CLANG_WARN_OBJC_ROOT_CLASS = YES_ERROR;
				CLANG_WARN_QUOTED_INCLUDE_IN_FRAMEWORK_HEADER = YES;
				CLANG_WARN_RANGE_LOOP_ANALYSIS = YES;
				CLANG_WARN_STRICT_PROTOTYPES = YES;
				CLANG_WARN_SUSPICIOUS_MOVE = YES;
				CLANG_WARN_UNGUARDED_AVAILABILITY = YES_AGGRESSIVE;
				CLANG_WARN_UNREACHABLE_CODE = YES;
				CLANG_WARN__DUPLICATE_METHOD_MATCH = YES;
				COPY_PHASE_STRIP = NO;
				DEBUG_INFORMATION_FORMAT = dwarf;
				ENABLE_STRICT_OBJC_MSGSEND = YES;
				ENABLE_TESTABILITY = YES;
				GCC_C_LANGUAGE_STANDARD = gnu11;
				GCC_DYNAMIC_NO_PIC = NO;
				GCC_NO_COMMON_BLOCKS = YES;
				GCC_OPTIMIZATION_LEVEL = 0;
				GCC_PREPROCESSOR_DEFINITIONS = (
					"DEBUG=1",
					"$(inherited)",
				);
				GCC_WARN_64_TO_32_BIT_CONVERSION = YES;
				GCC_WARN_ABOUT_RETURN_TYPE = YES_ERROR;
				GCC_WARN_UNDECLARED_SELECTOR = YES;
				GCC_WARN_UNINITIALIZED_AUTOS = YES_AGGRESSIVE;
				GCC_WARN_UNUSED_FUNCTION = YES;
				GCC_WARN_UNUSED_VARIABLE = YES;
				IPHONEOS_DEPLOYMENT_TARGET = 14.1;
				MTL_ENABLE_DEBUG_INFO = INCLUDE_SOURCE;
				MTL_FAST_MATH = YES;
				ONLY_ACTIVE_ARCH = YES;
				SDKROOT = iphoneos;
				SWIFT_ACTIVE_COMPILATION_CONDITIONS = DEBUG;
				SWIFT_OPTIMIZATION_LEVEL = "-Onone";
			};
			name = Debug;
		};
		837B4ECD258178BA003DFC67 /* Release */ = {
			isa = XCBuildConfiguration;
			buildSettings = {
				ALWAYS_SEARCH_USER_PATHS = NO;
				CLANG_ANALYZER_NONNULL = YES;
				CLANG_ANALYZER_NUMBER_OBJECT_CONVERSION = YES_AGGRESSIVE;
				CLANG_CXX_LANGUAGE_STANDARD = "gnu++14";
				CLANG_CXX_LIBRARY = "libc++";
				CLANG_ENABLE_MODULES = YES;
				CLANG_ENABLE_OBJC_ARC = YES;
				CLANG_ENABLE_OBJC_WEAK = YES;
				CLANG_WARN_BLOCK_CAPTURE_AUTORELEASING = YES;
				CLANG_WARN_BOOL_CONVERSION = YES;
				CLANG_WARN_COMMA = YES;
				CLANG_WARN_CONSTANT_CONVERSION = YES;
				CLANG_WARN_DEPRECATED_OBJC_IMPLEMENTATIONS = YES;
				CLANG_WARN_DIRECT_OBJC_ISA_USAGE = YES_ERROR;
				CLANG_WARN_DOCUMENTATION_COMMENTS = YES;
				CLANG_WARN_EMPTY_BODY = YES;
				CLANG_WARN_ENUM_CONVERSION = YES;
				CLANG_WARN_INFINITE_RECURSION = YES;
				CLANG_WARN_INT_CONVERSION = YES;
				CLANG_WARN_NON_LITERAL_NULL_CONVERSION = YES;
				CLANG_WARN_OBJC_IMPLICIT_RETAIN_SELF = YES;
				CLANG_WARN_OBJC_LITERAL_CONVERSION = YES;
				CLANG_WARN_OBJC_ROOT_CLASS = YES_ERROR;
				CLANG_WARN_QUOTED_INCLUDE_IN_FRAMEWORK_HEADER = YES;
				CLANG_WARN_RANGE_LOOP_ANALYSIS = YES;
				CLANG_WARN_STRICT_PROTOTYPES = YES;
				CLANG_WARN_SUSPICIOUS_MOVE = YES;
				CLANG_WARN_UNGUARDED_AVAILABILITY = YES_AGGRESSIVE;
				CLANG_WARN_UNREACHABLE_CODE = YES;
				CLANG_WARN__DUPLICATE_METHOD_MATCH = YES;
				COPY_PHASE_STRIP = NO;
				DEBUG_INFORMATION_FORMAT = "dwarf-with-dsym";
				ENABLE_NS_ASSERTIONS = NO;
				ENABLE_STRICT_OBJC_MSGSEND = YES;
				GCC_C_LANGUAGE_STANDARD = gnu11;
				GCC_NO_COMMON_BLOCKS = YES;
				GCC_WARN_64_TO_32_BIT_CONVERSION = YES;
				GCC_WARN_ABOUT_RETURN_TYPE = YES_ERROR;
				GCC_WARN_UNDECLARED_SELECTOR = YES;
				GCC_WARN_UNINITIALIZED_AUTOS = YES_AGGRESSIVE;
				GCC_WARN_UNUSED_FUNCTION = YES;
				GCC_WARN_UNUSED_VARIABLE = YES;
				IPHONEOS_DEPLOYMENT_TARGET = 14.1;
				MTL_ENABLE_DEBUG_INFO = NO;
				MTL_FAST_MATH = YES;
				SDKROOT = iphoneos;
				SWIFT_COMPILATION_MODE = wholemodule;
				SWIFT_OPTIMIZATION_LEVEL = "-O";
				VALIDATE_PRODUCT = YES;
			};
			name = Release;
		};
		837B4ECF258178BA003DFC67 /* Debug */ = {
			isa = XCBuildConfiguration;
			buildSettings = {
				ASSETCATALOG_COMPILER_APPICON_NAME = AppIcon;
				ASSETCATALOG_COMPILER_GLOBAL_ACCENT_COLOR_NAME = AccentColor;
				CODE_SIGN_STYLE = Automatic;
				INFOPLIST_FILE = TheMovieDb/System/Info.plist;
				LD_RUNPATH_SEARCH_PATHS = (
					"$(inherited)",
					"@executable_path/Frameworks",
				);
				PRODUCT_BUNDLE_IDENTIFIER = com.apprenticeship.wizeline.TheMovieDb;
				PRODUCT_NAME = "$(TARGET_NAME)";
				SWIFT_VERSION = 5.0;
				TARGETED_DEVICE_FAMILY = "1,2";
			};
			name = Debug;
		};
		837B4ED0258178BA003DFC67 /* Release */ = {
			isa = XCBuildConfiguration;
			buildSettings = {
				ASSETCATALOG_COMPILER_APPICON_NAME = AppIcon;
				ASSETCATALOG_COMPILER_GLOBAL_ACCENT_COLOR_NAME = AccentColor;
				CODE_SIGN_STYLE = Automatic;
				INFOPLIST_FILE = TheMovieDb/System/Info.plist;
				LD_RUNPATH_SEARCH_PATHS = (
					"$(inherited)",
					"@executable_path/Frameworks",
				);
				PRODUCT_BUNDLE_IDENTIFIER = com.apprenticeship.wizeline.TheMovieDb;
				PRODUCT_NAME = "$(TARGET_NAME)";
				SWIFT_VERSION = 5.0;
				TARGETED_DEVICE_FAMILY = "1,2";
			};
			name = Release;
		};
		837B4ED2258178BA003DFC67 /* Debug */ = {
			isa = XCBuildConfiguration;
			buildSettings = {
				ALWAYS_EMBED_SWIFT_STANDARD_LIBRARIES = YES;
				BUNDLE_LOADER = "$(TEST_HOST)";
				CODE_SIGN_STYLE = Automatic;
				INFOPLIST_FILE = TheMovieDbTests/Info.plist;
				IPHONEOS_DEPLOYMENT_TARGET = 14.1;
				LD_RUNPATH_SEARCH_PATHS = (
					"$(inherited)",
					"@executable_path/Frameworks",
					"@loader_path/Frameworks",
				);
				PRODUCT_BUNDLE_IDENTIFIER = com.apprenticeship.wizeline.TheMovieDbTests;
				PRODUCT_NAME = "$(TARGET_NAME)";
				SWIFT_VERSION = 5.0;
				TARGETED_DEVICE_FAMILY = "1,2";
				TEST_HOST = "$(BUILT_PRODUCTS_DIR)/TheMovieDb.app/TheMovieDb";
			};
			name = Debug;
		};
		837B4ED3258178BA003DFC67 /* Release */ = {
			isa = XCBuildConfiguration;
			buildSettings = {
				ALWAYS_EMBED_SWIFT_STANDARD_LIBRARIES = YES;
				BUNDLE_LOADER = "$(TEST_HOST)";
				CODE_SIGN_STYLE = Automatic;
				INFOPLIST_FILE = TheMovieDbTests/Info.plist;
				IPHONEOS_DEPLOYMENT_TARGET = 14.1;
				LD_RUNPATH_SEARCH_PATHS = (
					"$(inherited)",
					"@executable_path/Frameworks",
					"@loader_path/Frameworks",
				);
				PRODUCT_BUNDLE_IDENTIFIER = com.apprenticeship.wizeline.TheMovieDbTests;
				PRODUCT_NAME = "$(TARGET_NAME)";
				SWIFT_VERSION = 5.0;
				TARGETED_DEVICE_FAMILY = "1,2";
				TEST_HOST = "$(BUILT_PRODUCTS_DIR)/TheMovieDb.app/TheMovieDb";
			};
			name = Release;
		};
		837B4ED5258178BA003DFC67 /* Debug */ = {
			isa = XCBuildConfiguration;
			buildSettings = {
				ALWAYS_EMBED_SWIFT_STANDARD_LIBRARIES = YES;
				CODE_SIGN_STYLE = Automatic;
				INFOPLIST_FILE = TheMovieDbUITests/Info.plist;
				LD_RUNPATH_SEARCH_PATHS = (
					"$(inherited)",
					"@executable_path/Frameworks",
					"@loader_path/Frameworks",
				);
				PRODUCT_BUNDLE_IDENTIFIER = com.apprenticeship.wizeline.TheMovieDbUITests;
				PRODUCT_NAME = "$(TARGET_NAME)";
				SWIFT_VERSION = 5.0;
				TARGETED_DEVICE_FAMILY = "1,2";
				TEST_TARGET_NAME = TheMovieDb;
			};
			name = Debug;
		};
		837B4ED6258178BA003DFC67 /* Release */ = {
			isa = XCBuildConfiguration;
			buildSettings = {
				ALWAYS_EMBED_SWIFT_STANDARD_LIBRARIES = YES;
				CODE_SIGN_STYLE = Automatic;
				INFOPLIST_FILE = TheMovieDbUITests/Info.plist;
				LD_RUNPATH_SEARCH_PATHS = (
					"$(inherited)",
					"@executable_path/Frameworks",
					"@loader_path/Frameworks",
				);
				PRODUCT_BUNDLE_IDENTIFIER = com.apprenticeship.wizeline.TheMovieDbUITests;
				PRODUCT_NAME = "$(TARGET_NAME)";
				SWIFT_VERSION = 5.0;
				TARGETED_DEVICE_FAMILY = "1,2";
				TEST_TARGET_NAME = TheMovieDb;
			};
			name = Release;
		};
/* End XCBuildConfiguration section */

/* Begin XCConfigurationList section */
		837B4E9F258178B6003DFC67 /* Build configuration list for PBXProject "TheMovieDb" */ = {
			isa = XCConfigurationList;
			buildConfigurations = (
				837B4ECC258178BA003DFC67 /* Debug */,
				837B4ECD258178BA003DFC67 /* Release */,
			);
			defaultConfigurationIsVisible = 0;
			defaultConfigurationName = Release;
		};
		837B4ECE258178BA003DFC67 /* Build configuration list for PBXNativeTarget "TheMovieDb" */ = {
			isa = XCConfigurationList;
			buildConfigurations = (
				837B4ECF258178BA003DFC67 /* Debug */,
				837B4ED0258178BA003DFC67 /* Release */,
			);
			defaultConfigurationIsVisible = 0;
			defaultConfigurationName = Release;
		};
		837B4ED1258178BA003DFC67 /* Build configuration list for PBXNativeTarget "TheMovieDbTests" */ = {
			isa = XCConfigurationList;
			buildConfigurations = (
				837B4ED2258178BA003DFC67 /* Debug */,
				837B4ED3258178BA003DFC67 /* Release */,
			);
			defaultConfigurationIsVisible = 0;
			defaultConfigurationName = Release;
		};
		837B4ED4258178BA003DFC67 /* Build configuration list for PBXNativeTarget "TheMovieDbUITests" */ = {
			isa = XCConfigurationList;
			buildConfigurations = (
				837B4ED5258178BA003DFC67 /* Debug */,
				837B4ED6258178BA003DFC67 /* Release */,
			);
			defaultConfigurationIsVisible = 0;
			defaultConfigurationName = Release;
		};
/* End XCConfigurationList section */

/* Begin XCRemoteSwiftPackageReference section */
		45BB7AC4272E50BD00DE07C3 /* XCRemoteSwiftPackageReference "Kingfisher" */ = {
			isa = XCRemoteSwiftPackageReference;
			repositoryURL = "https://github.com/onevcat/Kingfisher.git";
			requirement = {
				kind = upToNextMajorVersion;
				minimumVersion = 7.0.0;
			};
		};
/* End XCRemoteSwiftPackageReference section */

/* Begin XCSwiftPackageProductDependency section */
		45BB7AC5272E50BD00DE07C3 /* Kingfisher */ = {
			isa = XCSwiftPackageProductDependency;
			package = 45BB7AC4272E50BD00DE07C3 /* XCRemoteSwiftPackageReference "Kingfisher" */;
			productName = Kingfisher;
		};
/* End XCSwiftPackageProductDependency section */
	};
	rootObject = 837B4E9C258178B6003DFC67 /* Project object */;
}
