PODS:
  - Kingfisher (7.1.1)
  - SwiftLint (0.45.0)

DEPENDENCIES:
  - Kingfisher (~> 7.0)
  - SwiftLint

SPEC REPOS:
  trunk:
    - Kingfisher
    - SwiftLint

SPEC CHECKSUMS:
  Kingfisher: f738f9c4a3415823b8e2985d10aa2d6a9f37bc4d
  SwiftLint: e5c7f1fba68eccfc51509d5b2ce1699f5502e0c7

PODFILE CHECKSUM: 8de782b366a68f4568d6e678d82249cd9e2205ae

COCOAPODS: 1.11.2
